{
  "version": 4,
  "terraform_version": "1.16.1",
  "serial": 60,
  "lineage": "555a7c6f-c36f-87b6-3fc7-48a972044156",
  "outputs": {
    "acr_login_server": {
      "value": "acrcondoacessodev1ugm0.azurecr.io",
      "type": "string"
    },
    "acr_name": {
      "value": "acrcondoacessodev1ugm0",
      "type": "string"
    },
    "iot_device_registration_command": {
      "value": "az iot hub device-identity create --hub-name iot-condoacesso-dev-1ugm0 --device-id portaria-01 --auth-method shared_private_key",
      "type": "string"
    },
    "iot_hub_hostname": {
      "value": "iot-condoacesso-dev-1ugm0.azure-devices.net",
      "type": "string"
    },
    "mysql_fqdn": {
      "value": "mysql-condoacesso-dev-1ugm0.mysql.database.azure.com",
      "type": "string"
    },
    "resource_group_name": {
      "value": "rg-condoacesso-dev",
      "type": "string"
    }
  },
  "resources": [
    {
      "mode": "managed",
      "type": "azurerm_resource_group",
      "name": "main",
      "provider": "provider[\"registry.terraform.io/hashicorp/azurerm\"]",
      "instances": [
        {
          "schema_version": 0,
          "attributes": {
            "id": "/subscriptions/227853ef-c1fd-4ddc-8e65-11f4a9f65978/resourceGroups/rg-condoacesso-dev",
            "location": "brazilsouth",
            "managed_by": "",
            "name": "rg-condoacesso-dev",
            "tags": {
              "ambiente": "dev",
              "gerenciado_por": "terraform",
              "projeto": "UNIVESP-Projeto-Integrador-VI"
            },
            "timeouts": null
          },
          "sensitive_attributes": [],
          "identity_schema_version": 0,
          "identity": {
            "name": "rg-condoacesso-dev",
            "subscription_id": "227853ef-c1fd-4ddc-8e65-11f4a9f65978"
          },
          "private": "eyJlMmJmYjczMC1lY2FhLTExZTYtOGY4OC0zNDM2M2JjN2M0YzAiOnsiY3JlYXRlIjo1NDAwMDAwMDAwMDAwLCJkZWxldGUiOjU0MDAwMDAwMDAwMDAsInJlYWQiOjMwMDAwMDAwMDAwMCwidXBkYXRlIjo1NDAwMDAwMDAwMDAwfX0="
        }
      ]
    },
    {
      "mode": "managed",
      "type": "random_string",
      "name": "suffix",
      "provider": "provider[\"registry.terraform.io/hashicorp/random\"]",
      "instances": [
        {
          "schema_version": 2,
          "attributes": {
            "id": "1ugm0",
            "keepers": null,
            "length": 5,
            "lower": true,
            "min_lower": 0,
            "min_numeric": 0,
            "min_special": 0,
            "min_upper": 0,
            "number": true,
            "numeric": true,
            "override_special": null,
            "result": "1ugm0",
            "special": false,
            "upper": false
          },
          "sensitive_attributes": [],
          "identity_schema_version": 0
        }
      ]
    },
    {
      "module": "module.container_apps",
      "mode": "managed",
      "type": "azurerm_application_insights",
      "name": "main",
      "provider": "provider[\"registry.terraform.io/hashicorp/azurerm\"]",
      "instances": [
        {
          "schema_version": 2,
          "attributes": {
            "app_id": "cf3ffe85-ab2a-4a12-b6ad-55f91295616c",
            "application_type": "web",
            "connection_string": "InstrumentationKey=d8bdf803-9f61-4e07-beb3-49df2200d4da;IngestionEndpoint=https://brazilsouth-1.in.applicationinsights.azure.com/;LiveEndpoint=https://brazilsouth.livediagnostics.monitor.azure.com/;ApplicationId=cf3ffe85-ab2a-4a12-b6ad-55f91295616c",
            "daily_data_cap_in_gb": 100,
            "daily_data_cap_notifications_disabled": false,
            "daily_data_cap_notifications_enabled": true,
            "disable_ip_masking": false,
            "force_customer_storage_for_profiler": false,
            "id": "/subscriptions/227853ef-c1fd-4ddc-8e65-11f4a9f65978/resourceGroups/rg-condoacesso-dev/providers/Microsoft.Insights/components/appi-cae-condoacesso-dev-1ugm0",
            "instrumentation_key": "d8bdf803-9f61-4e07-beb3-49df2200d4da",
            "internet_ingestion_enabled": true,
            "internet_query_enabled": true,
            "ip_masking_enabled": true,
            "local_authentication_disabled": false,
            "local_authentication_enabled": true,
            "location": "brazilsouth",
            "name": "appi-cae-condoacesso-dev-1ugm0",
            "resource_group_name": "rg-condoacesso-dev",
            "retention_in_days": 90,
            "sampling_percentage": 100,
            "tags": {
              "ambiente": "dev",
              "gerenciado_por": "terraform",
              "projeto": "UNIVESP-Projeto-Integrador-VI"
            },
            "timeouts": null,
            "workspace_id": "/subscriptions/227853ef-c1fd-4ddc-8e65-11f4a9f65978/resourceGroups/rg-condoacesso-dev/providers/Microsoft.OperationalInsights/workspaces/law-cae-condoacesso-dev-1ugm0"
          },
          "sensitive_attributes": [
            [
              {
                "type": "get_attr",
                "value": "connection_string"
              }
            ],
            [
              {
                "type": "get_attr",
                "value": "instrumentation_key"
              }
            ]
          ],
          "identity_schema_version": 0,
          "identity": {
            "name": "appi-cae-condoacesso-dev-1ugm0",
            "resource_group_name": "rg-condoacesso-dev",
            "subscription_id": "227853ef-c1fd-4ddc-8e65-11f4a9f65978"
          },
          "private": "eyJlMmJmYjczMC1lY2FhLTExZTYtOGY4OC0zNDM2M2JjN2M0YzAiOnsiY3JlYXRlIjozNjAwMDAwMDAwMDAwLCJkZWxldGUiOjE4MDAwMDAwMDAwMDAsInJlYWQiOjMwMDAwMDAwMDAwMCwidXBkYXRlIjoxODAwMDAwMDAwMDAwfSwic2NoZW1hX3ZlcnNpb24iOiIyIn0=",
          "dependencies": [
            "azurerm_resource_group.main",
            "module.container_apps.azurerm_log_analytics_workspace.main",
            "module.mysql.azurerm_mysql_flexible_database.main",
            "module.mysql.azurerm_mysql_flexible_server.main",
            "module.mysql.azurerm_mysql_flexible_server_configuration.require_secure_transport",
            "module.mysql.random_password.administrator",
            "module.network.azurerm_network_security_group.container_apps",
            "module.network.azurerm_network_security_group.mysql",
            "module.network.azurerm_network_security_rule.container_apps_to_mysql",
            "module.network.azurerm_network_security_rule.mysql_deny_other_vnet_inbound",
            "module.network.azurerm_network_security_rule.mysql_from_container_apps",
            "module.network.azurerm_private_dns_zone.mysql",
            "module.network.azurerm_private_dns_zone_virtual_network_link.mysql",
            "module.network.azurerm_subnet.container_apps",
            "module.network.azurerm_subnet.mysql",
            "module.network.azurerm_subnet_network_security_group_association.container_apps",
            "module.network.azurerm_subnet_network_security_group_association.mysql",
            "module.network.azurerm_virtual_network.main",
            "module.shared_services.azurerm_container_registry.main",
            "module.shared_services.azurerm_role_assignment.container_app_access_logs_reader",
            "module.shared_services.azurerm_role_assignment.container_app_acr_pull",
            "module.shared_services.azurerm_role_assignment.container_app_residents_contributor",
            "module.shared_services.azurerm_storage_account.main",
            "module.shared_services.azurerm_storage_container.access_logs",
            "module.shared_services.azurerm_storage_container.residents",
            "module.shared_services.azurerm_storage_management_policy.access_logs",
            "module.shared_services.azurerm_user_assigned_identity.container_app",
            "module.shared_services.random_password.event_grid_webhook",
            "random_string.suffix"
          ]
        }
      ]
    },
    {
      "module": "module.container_apps",
      "mode": "managed",
      "type": "azurerm_container_app_environment",
      "name": "main",
      "provider": "provider[\"registry.terraform.io/hashicorp/azurerm\"]",
      "instances": [
        {
          "schema_version": 0,
          "attributes": {
            "custom_domain_verification_id": "FC2CA6A295A5864CDB1DC8758D76910EF071925026AA283D77740279DA85F01C",
            "dapr_application_insights_connection_string": "",
            "default_domain": "proudpebble-5d59fdbb.brazilsouth.azurecontainerapps.io",
            "docker_bridge_cidr": "",
            "id": "/subscriptions/227853ef-c1fd-4ddc-8e65-11f4a9f65978/resourceGroups/rg-condoacesso-dev/providers/Microsoft.App/managedEnvironments/cae-condoacesso-dev-1ugm0",
            "identity": [],
            "infrastructure_resource_group_name": "ME_cae-condoacesso-dev-1ugm0_rg-condoacesso-dev_brazilsouth",
            "infrastructure_subnet_id": "/subscriptions/227853ef-c1fd-4ddc-8e65-11f4a9f65978/resourceGroups/rg-condoacesso-dev/providers/Microsoft.Network/virtualNetworks/vnet-condoacesso-dev/subnets/snet-container-apps",
            "internal_load_balancer_enabled": false,
            "location": "brazilsouth",
            "log_analytics_workspace_id": "/subscriptions/227853ef-c1fd-4ddc-8e65-11f4a9f65978/resourceGroups/rg-condoacesso-dev/providers/Microsoft.OperationalInsights/workspaces/law-cae-condoacesso-dev-1ugm0",
            "logs_destination": "log-analytics",
            "mutual_tls_enabled": false,
            "name": "cae-condoacesso-dev-1ugm0",
            "platform_reserved_cidr": "",
            "platform_reserved_dns_ip_address": "",
            "public_network_access": "Enabled",
            "resource_group_name": "rg-condoacesso-dev",
            "static_ip_address": "20.201.33.204",
            "tags": {
              "ambiente": "dev",
              "gerenciado_por": "terraform",
              "projeto": "UNIVESP-Projeto-Integrador-VI"
            },
            "timeouts": null,
            "workload_profile": [],
            "zone_redundancy_enabled": false
          },
          "sensitive_attributes": [
            [
              {
                "type": "get_attr",
                "value": "dapr_application_insights_connection_string"
              }
            ]
          ],
          "identity_schema_version": 0,
          "private": "eyJlMmJmYjczMC1lY2FhLTExZTYtOGY4OC0zNDM2M2JjN2M0YzAiOnsiY3JlYXRlIjoxODAwMDAwMDAwMDAwLCJkZWxldGUiOjE4MDAwMDAwMDAwMDAsInJlYWQiOjMwMDAwMDAwMDAwMCwidXBkYXRlIjoxODAwMDAwMDAwMDAwfX0=",
          "dependencies": [
            "azurerm_resource_group.main",
            "module.container_apps.azurerm_log_analytics_workspace.main",
            "module.mysql.azurerm_mysql_flexible_database.main",
            "module.mysql.azurerm_mysql_flexible_server.main",
            "module.mysql.azurerm_mysql_flexible_server_configuration.require_secure_transport",
            "module.mysql.random_password.administrator",
            "module.network.azurerm_network_security_group.container_apps",
            "module.network.azurerm_network_security_group.mysql",
            "module.network.azurerm_network_security_rule.container_apps_to_mysql",
            "module.network.azurerm_network_security_rule.mysql_deny_other_vnet_inbound",
            "module.network.azurerm_network_security_rule.mysql_from_container_apps",
            "module.network.azurerm_private_dns_zone.mysql",
            "module.network.azurerm_private_dns_zone_virtual_network_link.mysql",
            "module.network.azurerm_subnet.container_apps",
            "module.network.azurerm_subnet.mysql",
            "module.network.azurerm_subnet_network_security_group_association.container_apps",
            "module.network.azurerm_subnet_network_security_group_association.mysql",
            "module.network.azurerm_virtual_network.main",
            "module.shared_services.azurerm_container_registry.main",
            "module.shared_services.azurerm_role_assignment.container_app_access_logs_reader",
            "module.shared_services.azurerm_role_assignment.container_app_acr_pull",
            "module.shared_services.azurerm_role_assignment.container_app_residents_contributor",
            "module.shared_services.azurerm_storage_account.main",
            "module.shared_services.azurerm_storage_container.access_logs",
            "module.shared_services.azurerm_storage_container.residents",
            "module.shared_services.azurerm_storage_management_policy.access_logs",
            "module.shared_services.azurerm_user_assigned_identity.container_app",
            "module.shared_services.random_password.event_grid_webhook",
            "random_string.suffix"
          ]
        }
      ]
    },
    {
      "module": "module.container_apps",
      "mode": "managed",
      "type": "azurerm_log_analytics_workspace",
      "name": "main",
      "provider": "provider[\"registry.terraform.io/hashicorp/azurerm\"]",
      "instances": [
        {
          "schema_version": 3,
          "attributes": {
            "allow_resource_only_permissions": true,
            "cmk_for_query_forced": false,
            "daily_quota_gb": -1,
            "data_collection_rule_id": "",
            "id": "/subscriptions/227853ef-c1fd-4ddc-8e65-11f4a9f65978/resourceGroups/rg-condoacesso-dev/providers/Microsoft.OperationalInsights/workspaces/law-cae-condoacesso-dev-1ugm0",
            "identity": [],
            "immediate_data_purge_on_30_days_enabled": false,
            "internet_ingestion_enabled": true,
            "internet_query_enabled": true,
            "local_authentication_disabled": false,
            "local_authentication_enabled": true,
            "location": "brazilsouth",
            "name": "law-cae-condoacesso-dev-1ugm0",
            "primary_shared_key": "rA7c5ZLqKtoTKwhkbsd2E95kdUC2NsfrgRGI8y3vNo4JFYfevuVjayR/8B+JdUt0ZXLvN+j6/ki8XrmJAD/pgw==",
            "reservation_capacity_in_gb_per_day": null,
            "resource_group_name": "rg-condoacesso-dev",
            "retention_in_days": 30,
            "secondary_shared_key": "b5xPieegaKE0h+MtHiJ75f9O1ggFazU3bVlWo6iHdIEwhSWnmpy2DM9d8IRdVXZYEs0V/9JfQDwnvp4GzU/YHA==",
            "sku": "PerGB2018",
            "tags": {
              "ambiente": "dev",
              "gerenciado_por": "terraform",
              "projeto": "UNIVESP-Projeto-Integrador-VI"
            },
            "timeouts": null,
            "workspace_id": "b4c441e6-8a91-4902-97b1-6d6fecfa15f5"
          },
          "sensitive_attributes": [
            [
              {
                "type": "get_attr",
                "value": "primary_shared_key"
              }
            ],
            [
              {
                "type": "get_attr",
                "value": "secondary_shared_key"
              }
            ]
          ],
          "identity_schema_version": 0,
          "private": "eyJlMmJmYjczMC1lY2FhLTExZTYtOGY4OC0zNDM2M2JjN2M0YzAiOnsiY3JlYXRlIjoxODAwMDAwMDAwMDAwLCJkZWxldGUiOjE4MDAwMDAwMDAwMDAsInJlYWQiOjMwMDAwMDAwMDAwMCwidXBkYXRlIjoxODAwMDAwMDAwMDAwfSwic2NoZW1hX3ZlcnNpb24iOiIzIn0=",
          "dependencies": [
            "azurerm_resource_group.main",
            "module.mysql.azurerm_mysql_flexible_database.main",
            "module.mysql.azurerm_mysql_flexible_server.main",
            "module.mysql.azurerm_mysql_flexible_server_configuration.require_secure_transport",
            "module.mysql.random_password.administrator",
            "module.network.azurerm_network_security_group.container_apps",
            "module.network.azurerm_network_security_group.mysql",
            "module.network.azurerm_network_security_rule.container_apps_to_mysql",
            "module.network.azurerm_network_security_rule.mysql_deny_other_vnet_inbound",
            "module.network.azurerm_network_security_rule.mysql_from_container_apps",
            "module.network.azurerm_private_dns_zone.mysql",
            "module.network.azurerm_private_dns_zone_virtual_network_link.mysql",
            "module.network.azurerm_subnet.container_apps",
            "module.network.azurerm_subnet.mysql",
            "module.network.azurerm_subnet_network_security_group_association.container_apps",
            "module.network.azurerm_subnet_network_security_group_association.mysql",
            "module.network.azurerm_virtual_network.main",
            "module.shared_services.azurerm_container_registry.main",
            "module.shared_services.azurerm_role_assignment.container_app_access_logs_reader",
            "module.shared_services.azurerm_role_assignment.container_app_acr_pull",
            "module.shared_services.azurerm_role_assignment.container_app_residents_contributor",
            "module.shared_services.azurerm_storage_account.main",
            "module.shared_services.azurerm_storage_container.access_logs",
            "module.shared_services.azurerm_storage_container.residents",
            "module.shared_services.azurerm_storage_management_policy.access_logs",
            "module.shared_services.azurerm_user_assigned_identity.container_app",
            "module.shared_services.random_password.event_grid_webhook",
            "random_string.suffix"
          ]
        }
      ]
    },
    {
      "module": "module.iot_ingestion",
      "mode": "managed",
      "type": "azurerm_iothub",
      "name": "main",
      "provider": "provider[\"registry.terraform.io/hashicorp/azurerm\"]",
      "instances": [
        {
          "schema_version": 1,
          "attributes": {
            "cloud_to_device": [
              {
                "default_ttl": "PT1H",
                "feedback": [
                  {
                    "lock_duration": "PT1M",
                    "max_delivery_count": 10,
                    "time_to_live": "PT1H"
                  }
                ],
                "max_delivery_count": 10
              }
            ],
            "endpoint": [],
            "enrichment": [],
            "event_hub_events_endpoint": "sb://iothub-ns-iot-condoa-58368924-59e4fa6fac.servicebus.windows.net/",
            "event_hub_events_namespace": "iothub-ns-iot-condoa-58368924-59e4fa6fac",
            "event_hub_events_path": "iot-condoacesso-dev-1ugm0",
            "event_hub_operations_endpoint": null,
            "event_hub_operations_path": null,
            "event_hub_partition_count": 4,
            "event_hub_retention_in_days": 1,
            "fallback_route": [
              {
                "condition": "true",
                "enabled": true,
                "endpoint_names": [
                  "events"
                ],
                "source": "DeviceMessages"
              }
            ],
            "file_upload": [
              {
                "authentication_type": "identityBased",
                "connection_string": "DefaultEndpointsProtocol=https;BlobEndpoint=https://stcondoacessodev1ugm0.blob.core.windows.net/;AccountName=stcondoacessodev1ugm0;AccountKey=****",
                "container_name": "logs-acesso",
                "default_ttl": "PT1H",
                "identity_id": "/subscriptions/227853ef-c1fd-4ddc-8e65-11f4a9f65978/resourceGroups/rg-condoacesso-dev/providers/Microsoft.ManagedIdentity/userAssignedIdentities/id-iot-condoacesso-dev-1ugm0",
                "lock_duration": "PT1M",
                "max_delivery_count": 10,
                "notifications": true,
                "sas_ttl": "PT15M"
              }
            ],
            "hostname": "iot-condoacesso-dev-1ugm0.azure-devices.net",
            "id": "/subscriptions/227853ef-c1fd-4ddc-8e65-11f4a9f65978/resourceGroups/rg-condoacesso-dev/providers/Microsoft.Devices/iotHubs/iot-condoacesso-dev-1ugm0",
            "identity": [
              {
                "identity_ids": [
                  "/subscriptions/227853ef-c1fd-4ddc-8e65-11f4a9f65978/resourceGroups/rg-condoacesso-dev/providers/Microsoft.ManagedIdentity/userAssignedIdentities/id-iot-condoacesso-dev-1ugm0"
                ],
                "principal_id": "",
                "tenant_id": "",
                "type": "UserAssigned"
              }
            ],
            "local_authentication_enabled": true,
            "location": "brazilsouth",
            "min_tls_version": "1.2",
            "name": "iot-condoacesso-dev-1ugm0",
            "network_rule_set": [],
            "public_network_access_enabled": true,
            "resource_group_name": "rg-condoacesso-dev",
            "route": [],
            "shared_access_policy": [
              {
                "key_name": "iothubowner",
                "permissions": "RegistryWrite, ServiceConnect, DeviceConnect",
                "primary_key": "g5RYEANeg0UrzZ3afAWdupot1zZAs8usOAIoTDi7C1Y=",
                "secondary_key": "WMkkgMzDuxg59qGBoybA22zLRgDayw9UEAIoTEDXtEo="
              },
              {
                "key_name": "service",
                "permissions": "ServiceConnect",
                "primary_key": "M39YXDBJ5B5eZ5OptDPpyYKE4SVdF1VV3AIoTGvDfgs=",
                "secondary_key": "xsVm+TxPZxNc5ci+m2zUWMrdsdn0DkpruAIoTEU1kXw="
              },
              {
                "key_name": "device",
                "permissions": "DeviceConnect",
                "primary_key": "sI3fUlz9BJ86o1PdDUplx04eDFB1U1+DFAIoTETi4bw=",
                "secondary_key": "8OOuRqczyRZnJ0jpypXNjdVdcjh7fTGHvAIoTBXap5M="
              },
              {
                "key_name": "registryRead",
                "permissions": "RegistryRead",
                "primary_key": "b59Kgw0f3WCAMfsi4ZzA2x4JL1K2pdKSHAIoTG61ZNk=",
                "secondary_key": "1wDZ6qO7dTaaFflLOcdKK/RnmSDA9UKu/AIoTJ22ZGs="
              },
              {
                "key_name": "registryReadWrite",
                "permissions": "RegistryWrite",
                "primary_key": "SVRS3Om4+3pA917fVOUXYTj+oHk+DDpInAIoTErxDYY=",
                "secondary_key": "YaAbxAFIwcQT4Ifokh9RbbIgZyBR67d6MAIoTPjUSu0="
              }
            ],
            "sku": [
              {
                "capacity": 1,
                "name": "S1"
              }
            ],
            "tags": {
              "ambiente": "dev",
              "gerenciado_por": "terraform",
              "projeto": "UNIVESP-Projeto-Integrador-VI"
            },
            "timeouts": null,
            "type": "Microsoft.Devices/IotHubs"
          },
          "sensitive_attributes": [
            [
              {
                "type": "get_attr",
                "value": "file_upload"
              },
              {
                "type": "index",
                "value": {
                  "value": 0,
                  "type": "number"
                }
              },
              {
                "type": "get_attr",
                "value": "connection_string"
              }
            ]
          ],
          "identity_schema_version": 0,
          "private": "eyJlMmJmYjczMC1lY2FhLTExZTYtOGY4OC0zNDM2M2JjN2M0YzAiOnsiY3JlYXRlIjoxODAwMDAwMDAwMDAwLCJkZWxldGUiOjE4MDAwMDAwMDAwMDAsInJlYWQiOjMwMDAwMDAwMDAwMCwidXBkYXRlIjoxODAwMDAwMDAwMDAwfSwic2NoZW1hX3ZlcnNpb24iOiIxIn0=",
          "dependencies": [
            "azurerm_resource_group.main",
            "module.container_apps.azurerm_application_insights.main",
            "module.container_apps.azurerm_container_app.main",
            "module.container_apps.azurerm_container_app_environment.main",
            "module.container_apps.azurerm_log_analytics_workspace.main",
            "module.iot_ingestion.azurerm_role_assignment.iot_hub_blob_contributor",
            "module.iot_ingestion.azurerm_user_assigned_identity.iot_hub",
            "module.mysql.azurerm_mysql_flexible_database.main",
            "module.mysql.azurerm_mysql_flexible_server.main",
            "module.mysql.azurerm_mysql_flexible_server_configuration.require_secure_transport",
            "module.mysql.random_password.administrator",
            "module.network.azurerm_network_security_group.container_apps",
            "module.network.azurerm_network_security_group.mysql",
            "module.network.azurerm_network_security_rule.container_apps_to_mysql",
            "module.network.azurerm_network_security_rule.mysql_deny_other_vnet_inbound",
            "module.network.azurerm_network_security_rule.mysql_from_container_apps",
            "module.network.azurerm_private_dns_zone.mysql",
            "module.network.azurerm_private_dns_zone_virtual_network_link.mysql",
            "module.network.azurerm_subnet.container_apps",
            "module.network.azurerm_subnet.mysql",
            "module.network.azurerm_subnet_network_security_group_association.container_apps",
            "module.network.azurerm_subnet_network_security_group_association.mysql",
            "module.network.azurerm_virtual_network.main",
            "module.shared_services.azurerm_container_registry.main",
            "module.shared_services.azurerm_role_assignment.container_app_access_logs_reader",
            "module.shared_services.azurerm_role_assignment.container_app_acr_pull",
            "module.shared_services.azurerm_role_assignment.container_app_residents_contributor",
            "module.shared_services.azurerm_storage_account.main",
            "module.shared_services.azurerm_storage_container.access_logs",
            "module.shared_services.azurerm_storage_container.residents",
            "module.shared_services.azurerm_storage_management_policy.access_logs",
            "module.shared_services.azurerm_user_assigned_identity.container_app",
            "module.shared_services.random_password.event_grid_webhook",
            "random_string.suffix"
          ]
        }
      ]
    },
    {
      "module": "module.iot_ingestion",
      "mode": "managed",
      "type": "azurerm_role_assignment",
      "name": "iot_hub_blob_contributor",
      "provider": "provider[\"registry.terraform.io/hashicorp/azurerm\"]",
      "instances": [
        {
          "schema_version": 0,
          "attributes": {
            "condition": "",
            "condition_version": "",
            "delegated_managed_identity_resource_id": "",
            "description": "",
            "id": "/subscriptions/227853ef-c1fd-4ddc-8e65-11f4a9f65978/resourceGroups/rg-condoacesso-dev/providers/Microsoft.Storage/storageAccounts/stcondoacessodev1ugm0/providers/Microsoft.Authorization/roleAssignments/a10cd9af-1d6e-1ec2-5e06-3bccd473b2e6",
            "name": "a10cd9af-1d6e-1ec2-5e06-3bccd473b2e6",
            "principal_id": "904e4eb5-eb93-48a3-afac-c444bfa2bdbc",
            "principal_type": "ServicePrincipal",
            "role_definition_id": "/subscriptions/227853ef-c1fd-4ddc-8e65-11f4a9f65978/providers/Microsoft.Authorization/roleDefinitions/ba92f5b4-2d11-453d-a403-e96b0029c9fe",
            "role_definition_name": "Storage Blob Data Contributor",
            "scope": "/subscriptions/227853ef-c1fd-4ddc-8e65-11f4a9f65978/resourceGroups/rg-condoacesso-dev/providers/Microsoft.Storage/storageAccounts/stcondoacessodev1ugm0",
            "skip_service_principal_aad_check": null,
            "timeouts": null
          },
          "sensitive_attributes": [],
          "identity_schema_version": 0,
          "private": "eyJlMmJmYjczMC1lY2FhLTExZTYtOGY4OC0zNDM2M2JjN2M0YzAiOnsiY3JlYXRlIjoxODAwMDAwMDAwMDAwLCJkZWxldGUiOjE4MDAwMDAwMDAwMDAsInJlYWQiOjMwMDAwMDAwMDAwMH19",
          "dependencies": [
            "azurerm_resource_group.main",
            "module.container_apps.azurerm_application_insights.main",
            "module.container_apps.azurerm_container_app.main",
            "module.container_apps.azurerm_container_app_environment.main",
            "module.container_apps.azurerm_log_analytics_workspace.main",
            "module.iot_ingestion.azurerm_user_assigned_identity.iot_hub",
            "module.mysql.azurerm_mysql_flexible_database.main",
            "module.mysql.azurerm_mysql_flexible_server.main",
            "module.mysql.azurerm_mysql_flexible_server_configuration.require_secure_transport",
            "module.mysql.random_password.administrator",
            "module.network.azurerm_network_security_group.container_apps",
            "module.network.azurerm_network_security_group.mysql",
            "module.network.azurerm_network_security_rule.container_apps_to_mysql",
            "module.network.azurerm_network_security_rule.mysql_deny_other_vnet_inbound",
            "module.network.azurerm_network_security_rule.mysql_from_container_apps",
            "module.network.azurerm_private_dns_zone.mysql",
            "module.network.azurerm_private_dns_zone_virtual_network_link.mysql",
            "module.network.azurerm_subnet.container_apps",
            "module.network.azurerm_subnet.mysql",
            "module.network.azurerm_subnet_network_security_group_association.container_apps",
            "module.network.azurerm_subnet_network_security_group_association.mysql",
            "module.network.azurerm_virtual_network.main",
            "module.shared_services.azurerm_container_registry.main",
            "module.shared_services.azurerm_role_assignment.container_app_access_logs_reader",
            "module.shared_services.azurerm_role_assignment.container_app_acr_pull",
            "module.shared_services.azurerm_role_assignment.container_app_residents_contributor",
            "module.shared_services.azurerm_storage_account.main",
            "module.shared_services.azurerm_storage_container.access_logs",
            "module.shared_services.azurerm_storage_container.residents",
            "module.shared_services.azurerm_storage_management_policy.access_logs",
            "module.shared_services.azurerm_user_assigned_identity.container_app",
            "module.shared_services.random_password.event_grid_webhook",
            "random_string.suffix"
          ]
        }
      ]
    },
    {
      "module": "module.iot_ingestion",
      "mode": "managed",
      "type": "azurerm_user_assigned_identity",
      "name": "iot_hub",
      "provider": "provider[\"registry.terraform.io/hashicorp/azurerm\"]",
      "instances": [
        {
          "schema_version": 1,
          "attributes": {
            "client_id": "02003de7-5ade-412c-9493-3d618e3549b1",
            "id": "/subscriptions/227853ef-c1fd-4ddc-8e65-11f4a9f65978/resourceGroups/rg-condoacesso-dev/providers/Microsoft.ManagedIdentity/userAssignedIdentities/id-iot-condoacesso-dev-1ugm0",
            "isolation_scope": "",
            "location": "brazilsouth",
            "name": "id-iot-condoacesso-dev-1ugm0",
            "principal_id": "904e4eb5-eb93-48a3-afac-c444bfa2bdbc",
            "resource_group_name": "rg-condoacesso-dev",
            "tags": {
              "ambiente": "dev",
              "gerenciado_por": "terraform",
              "projeto": "UNIVESP-Projeto-Integrador-VI"
            },
            "tenant_id": "2b63ee53-dd2c-4b4c-a220-4ab652ad178b",
            "timeouts": null
          },
          "sensitive_attributes": [],
          "identity_schema_version": 0,
          "private": "eyJlMmJmYjczMC1lY2FhLTExZTYtOGY4OC0zNDM2M2JjN2M0YzAiOnsiY3JlYXRlIjoxODAwMDAwMDAwMDAwLCJkZWxldGUiOjE4MDAwMDAwMDAwMDAsInJlYWQiOjMwMDAwMDAwMDAwMCwidXBkYXRlIjoxODAwMDAwMDAwMDAwfSwic2NoZW1hX3ZlcnNpb24iOiIxIn0=",
          "dependencies": [
            "azurerm_resource_group.main",
            "module.container_apps.azurerm_application_insights.main",
            "module.container_apps.azurerm_container_app.main",
            "module.container_apps.azurerm_container_app_environment.main",
            "module.container_apps.azurerm_log_analytics_workspace.main",
            "module.mysql.azurerm_mysql_flexible_database.main",
            "module.mysql.azurerm_mysql_flexible_server.main",
            "module.mysql.azurerm_mysql_flexible_server_configuration.require_secure_transport",
            "module.mysql.random_password.administrator",
            "module.network.azurerm_network_security_group.container_apps",
            "module.network.azurerm_network_security_group.mysql",
            "module.network.azurerm_network_security_rule.container_apps_to_mysql",
            "module.network.azurerm_network_security_rule.mysql_deny_other_vnet_inbound",
            "module.network.azurerm_network_security_rule.mysql_from_container_apps",
            "module.network.azurerm_private_dns_zone.mysql",
            "module.network.azurerm_private_dns_zone_virtual_network_link.mysql",
            "module.network.azurerm_subnet.container_apps",
            "module.network.azurerm_subnet.mysql",
            "module.network.azurerm_subnet_network_security_group_association.container_apps",
            "module.network.azurerm_subnet_network_security_group_association.mysql",
            "module.network.azurerm_virtual_network.main",
            "module.shared_services.azurerm_container_registry.main",
            "module.shared_services.azurerm_role_assignment.container_app_access_logs_reader",
            "module.shared_services.azurerm_role_assignment.container_app_acr_pull",
            "module.shared_services.azurerm_role_assignment.container_app_residents_contributor",
            "module.shared_services.azurerm_storage_account.main",
            "module.shared_services.azurerm_storage_container.access_logs",
            "module.shared_services.azurerm_storage_container.residents",
            "module.shared_services.azurerm_storage_management_policy.access_logs",
            "module.shared_services.azurerm_user_assigned_identity.container_app",
            "module.shared_services.random_password.event_grid_webhook",
            "random_string.suffix"
          ]
        }
      ]
    },
    {
      "module": "module.mysql",
      "mode": "managed",
      "type": "azurerm_mysql_flexible_database",
      "name": "main",
      "provider": "provider[\"registry.terraform.io/hashicorp/azurerm\"]",
      "instances": [
        {
          "schema_version": 0,
          "attributes": {
            "charset": "utf8mb4",
            "collation": "utf8mb4_unicode_ci",
            "id": "/subscriptions/227853ef-c1fd-4ddc-8e65-11f4a9f65978/resourceGroups/rg-condoacesso-dev/providers/Microsoft.DBforMySQL/flexibleServers/mysql-condoacesso-dev-1ugm0/databases/condoservicos",
            "name": "condoservicos",
            "resource_group_name": "rg-condoacesso-dev",
            "server_name": "mysql-condoacesso-dev-1ugm0",
            "timeouts": null
          },
          "sensitive_attributes": [],
          "identity_schema_version": 0,
          "identity": {
            "flexible_server_name": "mysql-condoacesso-dev-1ugm0",
            "name": "condoservicos",
            "resource_group_name": "rg-condoacesso-dev",
            "subscription_id": "227853ef-c1fd-4ddc-8e65-11f4a9f65978"
          },
          "private": "eyJlMmJmYjczMC1lY2FhLTExZTYtOGY4OC0zNDM2M2JjN2M0YzAiOnsiY3JlYXRlIjozNjAwMDAwMDAwMDAwLCJkZWxldGUiOjM2MDAwMDAwMDAwMDAsInJlYWQiOjMwMDAwMDAwMDAwMH19",
          "dependencies": [
            "azurerm_resource_group.main",
            "module.mysql.azurerm_mysql_flexible_server.main",
            "module.mysql.random_password.administrator",
            "module.network.azurerm_network_security_group.container_apps",
            "module.network.azurerm_network_security_group.mysql",
            "module.network.azurerm_network_security_rule.container_apps_to_mysql",
            "module.network.azurerm_network_security_rule.mysql_deny_other_vnet_inbound",
            "module.network.azurerm_network_security_rule.mysql_from_container_apps",
            "module.network.azurerm_private_dns_zone.mysql",
            "module.network.azurerm_private_dns_zone_virtual_network_link.mysql",
            "module.network.azurerm_subnet.container_apps",
            "module.network.azurerm_subnet.mysql",
            "module.network.azurerm_subnet_network_security_group_association.container_apps",
            "module.network.azurerm_subnet_network_security_group_association.mysql",
            "module.network.azurerm_virtual_network.main",
            "module.shared_services.azurerm_container_registry.main",
            "module.shared_services.azurerm_role_assignment.container_app_access_logs_reader",
            "module.shared_services.azurerm_role_assignment.container_app_acr_pull",
            "module.shared_services.azurerm_role_assignment.container_app_residents_contributor",
            "module.shared_services.azurerm_storage_account.main",
            "module.shared_services.azurerm_storage_container.access_logs",
            "module.shared_services.azurerm_storage_container.residents",
            "module.shared_services.azurerm_storage_management_policy.access_logs",
            "module.shared_services.azurerm_user_assigned_identity.container_app",
            "module.shared_services.random_password.event_grid_webhook",
            "random_string.suffix"
          ]
        }
      ]
    },
    {
      "module": "module.mysql",
      "mode": "managed",
      "type": "azurerm_mysql_flexible_server",
      "name": "main",
      "provider": "provider[\"registry.terraform.io/hashicorp/azurerm\"]",
      "instances": [
        {
          "schema_version": 0,
          "attributes": {
            "administrator_login": "condoadmin",
            "administrator_password": "%ftLdx0OdHPTYm65M7XbH9ku",
            "administrator_password_wo": null,
            "administrator_password_wo_version": 0,
            "backup_retention_days": 7,
            "create_mode": null,
            "customer_managed_key": [],
            "delegated_subnet_id": "/subscriptions/227853ef-c1fd-4ddc-8e65-11f4a9f65978/resourceGroups/rg-condoacesso-dev/providers/Microsoft.Network/virtualNetworks/vnet-condoacesso-dev/subnets/snet-mysql",
            "fqdn": "mysql-condoacesso-dev-1ugm0.mysql.database.azure.com",
            "geo_redundant_backup_enabled": false,
            "high_availability": [],
            "id": "/subscriptions/227853ef-c1fd-4ddc-8e65-11f4a9f65978/resourceGroups/rg-condoacesso-dev/providers/Microsoft.DBforMySQL/flexibleServers/mysql-condoacesso-dev-1ugm0",
            "identity": [],
            "location": "brazilsouth",
            "maintenance_window": [],
            "name": "mysql-condoacesso-dev-1ugm0",
            "point_in_time_restore_time_in_utc": null,
            "private_dns_zone_id": "/subscriptions/227853ef-c1fd-4ddc-8e65-11f4a9f65978/resourceGroups/rg-condoacesso-dev/providers/Microsoft.Network/privateDnsZones/private.mysql.database.azure.com",
            "public_network_access": "Disabled",
            "public_network_access_enabled": false,
            "replica_capacity": 10,
            "replication_role": "None",
            "resource_group_name": "rg-condoacesso-dev",
            "sku_name": "B_Standard_B1ms",
            "source_server_id": "",
            "storage": [
              {
                "auto_grow_enabled": true,
                "io_scaling_enabled": false,
                "iops": 396,
                "log_on_disk_enabled": false,
                "size_gb": 32
              }
            ],
            "tags": {
              "ambiente": "dev",
              "gerenciado_por": "terraform",
              "projeto": "UNIVESP-Projeto-Integrador-VI"
            },
            "timeouts": null,
            "version": "8.0.21",
            "zone": "2"
          },
          "sensitive_attributes": [
            [
              {
                "type": "get_attr",
                "value": "administrator_password"
              }
            ]
          ],
          "identity_schema_version": 0,
          "identity": {
            "name": "mysql-condoacesso-dev-1ugm0",
            "resource_group_name": "rg-condoacesso-dev",
            "subscription_id": "227853ef-c1fd-4ddc-8e65-11f4a9f65978"
          },
          "private": "eyJlMmJmYjczMC1lY2FhLTExZTYtOGY4OC0zNDM2M2JjN2M0YzAiOnsiY3JlYXRlIjo3MjAwMDAwMDAwMDAwLCJkZWxldGUiOjM2MDAwMDAwMDAwMDAsInJlYWQiOjMwMDAwMDAwMDAwMCwidXBkYXRlIjo3MjAwMDAwMDAwMDAwfX0=",
          "dependencies": [
            "azurerm_resource_group.main",
            "module.mysql.random_password.administrator",
            "module.network.azurerm_network_security_group.container_apps",
            "module.network.azurerm_network_security_group.mysql",
            "module.network.azurerm_network_security_rule.container_apps_to_mysql",
            "module.network.azurerm_network_security_rule.mysql_deny_other_vnet_inbound",
            "module.network.azurerm_network_security_rule.mysql_from_container_apps",
            "module.network.azurerm_private_dns_zone.mysql",
            "module.network.azurerm_private_dns_zone_virtual_network_link.mysql",
            "module.network.azurerm_subnet.container_apps",
            "module.network.azurerm_subnet.mysql",
            "module.network.azurerm_subnet_network_security_group_association.container_apps",
            "module.network.azurerm_subnet_network_security_group_association.mysql",
            "module.network.azurerm_virtual_network.main",
            "module.shared_services.azurerm_container_registry.main",
            "module.shared_services.azurerm_role_assignment.container_app_access_logs_reader",
            "module.shared_services.azurerm_role_assignment.container_app_acr_pull",
            "module.shared_services.azurerm_role_assignment.container_app_residents_contributor",
            "module.shared_services.azurerm_storage_account.main",
            "module.shared_services.azurerm_storage_container.access_logs",
            "module.shared_services.azurerm_storage_container.residents",
            "module.shared_services.azurerm_storage_management_policy.access_logs",
            "module.shared_services.azurerm_user_assigned_identity.container_app",
            "module.shared_services.random_password.event_grid_webhook",
            "random_string.suffix"
          ]
        }
      ]
    },
    {
      "module": "module.mysql",
      "mode": "managed",
      "type": "azurerm_mysql_flexible_server_configuration",
      "name": "require_secure_transport",
      "provider": "provider[\"registry.terraform.io/hashicorp/azurerm\"]",
      "instances": [
        {
          "schema_version": 0,
          "attributes": {
            "id": "/subscriptions/227853ef-c1fd-4ddc-8e65-11f4a9f65978/resourceGroups/rg-condoacesso-dev/providers/Microsoft.DBforMySQL/flexibleServers/mysql-condoacesso-dev-1ugm0/configurations/require_secure_transport",
            "name": "require_secure_transport",
            "resource_group_name": "rg-condoacesso-dev",
            "server_name": "mysql-condoacesso-dev-1ugm0",
            "timeouts": null,
            "value": "ON"
          },
          "sensitive_attributes": [],
          "identity_schema_version": 0,
          "identity": {
            "flexible_server_name": "mysql-condoacesso-dev-1ugm0",
            "name": "require_secure_transport",
            "resource_group_name": "rg-condoacesso-dev",
            "subscription_id": "227853ef-c1fd-4ddc-8e65-11f4a9f65978"
          },
          "private": "eyJlMmJmYjczMC1lY2FhLTExZTYtOGY4OC0zNDM2M2JjN2M0YzAiOnsiY3JlYXRlIjoxODAwMDAwMDAwMDAwLCJkZWxldGUiOjE4MDAwMDAwMDAwMDAsInJlYWQiOjMwMDAwMDAwMDAwMCwidXBkYXRlIjoxODAwMDAwMDAwMDAwfX0=",
          "dependencies": [
            "azurerm_resource_group.main",
            "module.mysql.azurerm_mysql_flexible_server.main",
            "module.mysql.random_password.administrator",
            "module.network.azurerm_network_security_group.container_apps",
            "module.network.azurerm_network_security_group.mysql",
            "module.network.azurerm_network_security_rule.container_apps_to_mysql",
            "module.network.azurerm_network_security_rule.mysql_deny_other_vnet_inbound",
            "module.network.azurerm_network_security_rule.mysql_from_container_apps",
            "module.network.azurerm_private_dns_zone.mysql",
            "module.network.azurerm_private_dns_zone_virtual_network_link.mysql",
            "module.network.azurerm_subnet.container_apps",
            "module.network.azurerm_subnet.mysql",
            "module.network.azurerm_subnet_network_security_group_association.container_apps",
            "module.network.azurerm_subnet_network_security_group_association.mysql",
            "module.network.azurerm_virtual_network.main",
            "module.shared_services.azurerm_container_registry.main",
            "module.shared_services.azurerm_role_assignment.container_app_access_logs_reader",
            "module.shared_services.azurerm_role_assignment.container_app_acr_pull",
            "module.shared_services.azurerm_role_assignment.container_app_residents_contributor",
            "module.shared_services.azurerm_storage_account.main",
            "module.shared_services.azurerm_storage_container.access_logs",
            "module.shared_services.azurerm_storage_container.residents",
            "module.shared_services.azurerm_storage_management_policy.access_logs",
            "module.shared_services.azurerm_user_assigned_identity.container_app",
            "module.shared_services.random_password.event_grid_webhook",
            "random_string.suffix"
          ]
        }
      ]
    },
    {
      "module": "module.mysql",
      "mode": "managed",
      "type": "random_password",
      "name": "administrator",
      "provider": "provider[\"registry.terraform.io/hashicorp/random\"]",
      "instances": [
        {
          "schema_version": 3,
          "attributes": {
            "bcrypt_hash": "$2a$10$ufzcfSfm/hliS/w.7NXJxuWpbxSme6JAZJ.14XAFq40/EzGUMJG3i",
            "id": "none",
            "keepers": null,
            "length": 24,
            "lower": true,
            "min_lower": 0,
            "min_numeric": 0,
            "min_special": 0,
            "min_upper": 0,
            "number": true,
            "numeric": true,
            "override_special": "_%@-",
            "result": "%ftLdx0OdHPTYm65M7XbH9ku",
            "special": true,
            "upper": true
          },
          "sensitive_attributes": [
            [
              {
                "type": "get_attr",
                "value": "bcrypt_hash"
              }
            ],
            [
              {
                "type": "get_attr",
                "value": "result"
              }
            ]
          ],
          "identity_schema_version": 0,
          "dependencies": [
            "azurerm_resource_group.main",
            "module.network.azurerm_network_security_group.container_apps",
            "module.network.azurerm_network_security_group.mysql",
            "module.network.azurerm_network_security_rule.container_apps_to_mysql",
            "module.network.azurerm_network_security_rule.mysql_deny_other_vnet_inbound",
            "module.network.azurerm_network_security_rule.mysql_from_container_apps",
            "module.network.azurerm_private_dns_zone.mysql",
            "module.network.azurerm_private_dns_zone_virtual_network_link.mysql",
            "module.network.azurerm_subnet.container_apps",
            "module.network.azurerm_subnet.mysql",
            "module.network.azurerm_subnet_network_security_group_association.container_apps",
            "module.network.azurerm_subnet_network_security_group_association.mysql",
            "module.network.azurerm_virtual_network.main",
            "module.shared_services.azurerm_container_registry.main",
            "module.shared_services.azurerm_role_assignment.container_app_access_logs_reader",
            "module.shared_services.azurerm_role_assignment.container_app_acr_pull",
            "module.shared_services.azurerm_role_assignment.container_app_residents_contributor",
            "module.shared_services.azurerm_storage_account.main",
            "module.shared_services.azurerm_storage_container.access_logs",
            "module.shared_services.azurerm_storage_container.residents",
            "module.shared_services.azurerm_storage_management_policy.access_logs",
            "module.shared_services.azurerm_user_assigned_identity.container_app",
            "module.shared_services.random_password.event_grid_webhook",
            "random_string.suffix"
          ]
        }
      ]
    },
    {
      "module": "module.network",
      "mode": "managed",
      "type": "azurerm_network_security_group",
      "name": "container_apps",
      "provider": "provider[\"registry.terraform.io/hashicorp/azurerm\"]",
      "instances": [
        {
          "schema_version": 0,
          "attributes": {
            "id": "/subscriptions/227853ef-c1fd-4ddc-8e65-11f4a9f65978/resourceGroups/rg-condoacesso-dev/providers/Microsoft.Network/networkSecurityGroups/nsg-container-apps-condoacesso-dev",
            "location": "brazilsouth",
            "name": "nsg-container-apps-condoacesso-dev",
            "resource_group_name": "rg-condoacesso-dev",
            "security_rule": [
              {
                "access": "Allow",
                "description": "",
                "destination_address_prefix": "10.20.2.0/24",
                "destination_address_prefixes": [],
                "destination_application_security_group_ids": [],
                "destination_port_range": "3306",
                "destination_port_ranges": [],
                "direction": "Outbound",
                "name": "AllowMySQL",
                "priority": 100,
                "protocol": "Tcp",
                "source_address_prefix": "10.20.0.0/23",
                "source_address_prefixes": [],
                "source_application_security_group_ids": [],
                "source_port_range": "*",
                "source_port_ranges": []
              }
            ],
            "tags": {
              "ambiente": "dev",
              "gerenciado_por": "terraform",
              "projeto": "UNIVESP-Projeto-Integrador-VI"
            },
            "timeouts": null
          },
          "sensitive_attributes": [],
          "identity_schema_version": 0,
          "identity": {
            "name": "nsg-container-apps-condoacesso-dev",
            "resource_group_name": "rg-condoacesso-dev",
            "subscription_id": "227853ef-c1fd-4ddc-8e65-11f4a9f65978"
          },
          "private": "eyJlMmJmYjczMC1lY2FhLTExZTYtOGY4OC0zNDM2M2JjN2M0YzAiOnsiY3JlYXRlIjoxODAwMDAwMDAwMDAwLCJkZWxldGUiOjE4MDAwMDAwMDAwMDAsInJlYWQiOjMwMDAwMDAwMDAwMCwidXBkYXRlIjoxODAwMDAwMDAwMDAwfX0=",
          "dependencies": [
            "azurerm_resource_group.main"
          ]
        }
      ]
    },
    {
      "module": "module.network",
      "mode": "managed",
      "type": "azurerm_network_security_group",
      "name": "mysql",
      "provider": "provider[\"registry.terraform.io/hashicorp/azurerm\"]",
      "instances": [
        {
          "schema_version": 0,
          "attributes": {
            "id": "/subscriptions/227853ef-c1fd-4ddc-8e65-11f4a9f65978/resourceGroups/rg-condoacesso-dev/providers/Microsoft.Network/networkSecurityGroups/nsg-mysql-condoacesso-dev",
            "location": "brazilsouth",
            "name": "nsg-mysql-condoacesso-dev",
            "resource_group_name": "rg-condoacesso-dev",
            "security_rule": [
              {
                "access": "Allow",
                "description": "",
                "destination_address_prefix": "10.20.2.0/24",
                "destination_address_prefixes": [],
                "destination_application_security_group_ids": [],
                "destination_port_range": "3306",
                "destination_port_ranges": [],
                "direction": "Inbound",
                "name": "AllowMySQLFromContainerApps",
                "priority": 100,
                "protocol": "Tcp",
                "source_address_prefix": "10.20.0.0/23",
                "source_address_prefixes": [],
                "source_application_security_group_ids": [],
                "source_port_range": "*",
                "source_port_ranges": []
              },
              {
                "access": "Deny",
                "description": "",
                "destination_address_prefix": "*",
                "destination_address_prefixes": [],
                "destination_application_security_group_ids": [],
                "destination_port_range": "*",
                "destination_port_ranges": [],
                "direction": "Inbound",
                "name": "DenyOtherVnetInbound",
                "priority": 200,
                "protocol": "*",
                "source_address_prefix": "VirtualNetwork",
                "source_address_prefixes": [],
                "source_application_security_group_ids": [],
                "source_port_range": "*",
                "source_port_ranges": []
              }
            ],
            "tags": {
              "ambiente": "dev",
              "gerenciado_por": "terraform",
              "projeto": "UNIVESP-Projeto-Integrador-VI"
            },
            "timeouts": null
          },
          "sensitive_attributes": [],
          "identity_schema_version": 0,
          "identity": {
            "name": "nsg-mysql-condoacesso-dev",
            "resource_group_name": "rg-condoacesso-dev",
            "subscription_id": "227853ef-c1fd-4ddc-8e65-11f4a9f65978"
          },
          "private": "eyJlMmJmYjczMC1lY2FhLTExZTYtOGY4OC0zNDM2M2JjN2M0YzAiOnsiY3JlYXRlIjoxODAwMDAwMDAwMDAwLCJkZWxldGUiOjE4MDAwMDAwMDAwMDAsInJlYWQiOjMwMDAwMDAwMDAwMCwidXBkYXRlIjoxODAwMDAwMDAwMDAwfX0=",
          "dependencies": [
            "azurerm_resource_group.main"
          ]
        }
      ]
    },
    {
      "module": "module.network",
      "mode": "managed",
      "type": "azurerm_network_security_rule",
      "name": "container_apps_to_mysql",
      "provider": "provider[\"registry.terraform.io/hashicorp/azurerm\"]",
      "instances": [
        {
          "schema_version": 0,
          "attributes": {
            "access": "Allow",
            "description": "",
            "destination_address_prefix": "10.20.2.0/24",
            "destination_address_prefixes": [],
            "destination_application_security_group_ids": [],
            "destination_port_range": "3306",
            "destination_port_ranges": [],
            "direction": "Outbound",
            "id": "/subscriptions/227853ef-c1fd-4ddc-8e65-11f4a9f65978/resourceGroups/rg-condoacesso-dev/providers/Microsoft.Network/networkSecurityGroups/nsg-container-apps-condoacesso-dev/securityRules/AllowMySQL",
            "name": "AllowMySQL",
            "network_security_group_name": "nsg-container-apps-condoacesso-dev",
            "priority": 100,
            "protocol": "Tcp",
            "resource_group_name": "rg-condoacesso-dev",
            "source_address_prefix": "10.20.0.0/23",
            "source_address_prefixes": [],
            "source_application_security_group_ids": [],
            "source_port_range": "*",
            "source_port_ranges": [],
            "timeouts": null
          },
          "sensitive_attributes": [],
          "identity_schema_version": 0,
          "identity": {
            "name": "AllowMySQL",
            "network_security_group_name": "nsg-container-apps-condoacesso-dev",
            "resource_group_name": "rg-condoacesso-dev",
            "subscription_id": "227853ef-c1fd-4ddc-8e65-11f4a9f65978"
          },
          "private": "eyJlMmJmYjczMC1lY2FhLTExZTYtOGY4OC0zNDM2M2JjN2M0YzAiOnsiY3JlYXRlIjoxODAwMDAwMDAwMDAwLCJkZWxldGUiOjE4MDAwMDAwMDAwMDAsInJlYWQiOjMwMDAwMDAwMDAwMCwidXBkYXRlIjoxODAwMDAwMDAwMDAwfX0=",
          "dependencies": [
            "azurerm_resource_group.main",
            "module.network.azurerm_network_security_group.container_apps"
          ]
        }
      ]
    },
    {
      "module": "module.network",
      "mode": "managed",
      "type": "azurerm_network_security_rule",
      "name": "mysql_deny_other_vnet_inbound",
      "provider": "provider[\"registry.terraform.io/hashicorp/azurerm\"]",
      "instances": [
        {
          "schema_version": 0,
          "attributes": {
            "access": "Deny",
            "description": "",
            "destination_address_prefix": "*",
            "destination_address_prefixes": [],
            "destination_application_security_group_ids": [],
            "destination_port_range": "*",
            "destination_port_ranges": [],
            "direction": "Inbound",
            "id": "/subscriptions/227853ef-c1fd-4ddc-8e65-11f4a9f65978/resourceGroups/rg-condoacesso-dev/providers/Microsoft.Network/networkSecurityGroups/nsg-mysql-condoacesso-dev/securityRules/DenyOtherVnetInbound",
            "name": "DenyOtherVnetInbound",
            "network_security_group_name": "nsg-mysql-condoacesso-dev",
            "priority": 200,
            "protocol": "*",
            "resource_group_name": "rg-condoacesso-dev",
            "source_address_prefix": "VirtualNetwork",
            "source_address_prefixes": [],
            "source_application_security_group_ids": [],
            "source_port_range": "*",
            "source_port_ranges": [],
            "timeouts": null
          },
          "sensitive_attributes": [],
          "identity_schema_version": 0,
          "identity": {
            "name": "DenyOtherVnetInbound",
            "network_security_group_name": "nsg-mysql-condoacesso-dev",
            "resource_group_name": "rg-condoacesso-dev",
            "subscription_id": "227853ef-c1fd-4ddc-8e65-11f4a9f65978"
          },
          "private": "eyJlMmJmYjczMC1lY2FhLTExZTYtOGY4OC0zNDM2M2JjN2M0YzAiOnsiY3JlYXRlIjoxODAwMDAwMDAwMDAwLCJkZWxldGUiOjE4MDAwMDAwMDAwMDAsInJlYWQiOjMwMDAwMDAwMDAwMCwidXBkYXRlIjoxODAwMDAwMDAwMDAwfX0=",
          "dependencies": [
            "azurerm_resource_group.main",
            "module.network.azurerm_network_security_group.mysql"
          ]
        }
      ]
    },
    {
      "module": "module.network",
      "mode": "managed",
      "type": "azurerm_network_security_rule",
      "name": "mysql_from_container_apps",
      "provider": "provider[\"registry.terraform.io/hashicorp/azurerm\"]",
      "instances": [
        {
          "schema_version": 0,
          "attributes": {
            "access": "Allow",
            "description": "",
            "destination_address_prefix": "10.20.2.0/24",
            "destination_address_prefixes": [],
            "destination_application_security_group_ids": [],
            "destination_port_range": "3306",
            "destination_port_ranges": [],
            "direction": "Inbound",
            "id": "/subscriptions/227853ef-c1fd-4ddc-8e65-11f4a9f65978/resourceGroups/rg-condoacesso-dev/providers/Microsoft.Network/networkSecurityGroups/nsg-mysql-condoacesso-dev/securityRules/AllowMySQLFromContainerApps",
            "name": "AllowMySQLFromContainerApps",
            "network_security_group_name": "nsg-mysql-condoacesso-dev",
            "priority": 100,
            "protocol": "Tcp",
            "resource_group_name": "rg-condoacesso-dev",
            "source_address_prefix": "10.20.0.0/23",
            "source_address_prefixes": [],
            "source_application_security_group_ids": [],
            "source_port_range": "*",
            "source_port_ranges": [],
            "timeouts": null
          },
          "sensitive_attributes": [],
          "identity_schema_version": 0,
          "identity": {
            "name": "AllowMySQLFromContainerApps",
            "network_security_group_name": "nsg-mysql-condoacesso-dev",
            "resource_group_name": "rg-condoacesso-dev",
            "subscription_id": "227853ef-c1fd-4ddc-8e65-11f4a9f65978"
          },
          "private": "eyJlMmJmYjczMC1lY2FhLTExZTYtOGY4OC0zNDM2M2JjN2M0YzAiOnsiY3JlYXRlIjoxODAwMDAwMDAwMDAwLCJkZWxldGUiOjE4MDAwMDAwMDAwMDAsInJlYWQiOjMwMDAwMDAwMDAwMCwidXBkYXRlIjoxODAwMDAwMDAwMDAwfX0=",
          "dependencies": [
            "azurerm_resource_group.main",
            "module.network.azurerm_network_security_group.mysql"
          ]
        }
      ]
    },
    {
      "module": "module.network",
      "mode": "managed",
      "type": "azurerm_private_dns_zone",
      "name": "mysql",
      "provider": "provider[\"registry.terraform.io/hashicorp/azurerm\"]",
      "instances": [
        {
          "schema_version": 0,
          "attributes": {
            "id": "/subscriptions/227853ef-c1fd-4ddc-8e65-11f4a9f65978/resourceGroups/rg-condoacesso-dev/providers/Microsoft.Network/privateDnsZones/private.mysql.database.azure.com",
            "max_number_of_record_sets": 25000,
            "max_number_of_virtual_network_links": 1000,
            "max_number_of_virtual_network_links_with_registration": 100,
            "name": "private.mysql.database.azure.com",
            "number_of_record_sets": 2,
            "resource_group_name": "rg-condoacesso-dev",
            "soa_record": [
              {
                "email": "azureprivatedns-host.microsoft.com",
                "expire_time": 2419200,
                "fqdn": "private.mysql.database.azure.com.",
                "host_name": "azureprivatedns.net",
                "minimum_ttl": 10,
                "refresh_time": 3600,
                "retry_time": 300,
                "serial_number": 1,
                "tags": {},
                "ttl": 3600
              }
            ],
            "tags": {
              "ambiente": "dev",
              "gerenciado_por": "terraform",
              "projeto": "UNIVESP-Projeto-Integrador-VI"
            },
            "timeouts": null
          },
          "sensitive_attributes": [],
          "identity_schema_version": 0,
          "identity": {
            "name": "private.mysql.database.azure.com",
            "resource_group_name": "rg-condoacesso-dev",
            "subscription_id": "227853ef-c1fd-4ddc-8e65-11f4a9f65978"
          },
          "private": "eyJlMmJmYjczMC1lY2FhLTExZTYtOGY4OC0zNDM2M2JjN2M0YzAiOnsiY3JlYXRlIjoxODAwMDAwMDAwMDAwLCJkZWxldGUiOjE4MDAwMDAwMDAwMDAsInJlYWQiOjMwMDAwMDAwMDAwMCwidXBkYXRlIjoxODAwMDAwMDAwMDAwfX0=",
          "dependencies": [
            "azurerm_resource_group.main"
          ]
        }
      ]
    },
    {
      "module": "module.network",
      "mode": "managed",
      "type": "azurerm_private_dns_zone_virtual_network_link",
      "name": "mysql",
      "provider": "provider[\"registry.terraform.io/hashicorp/azurerm\"]",
      "instances": [
        {
          "schema_version": 0,
          "attributes": {
            "id": "/subscriptions/227853ef-c1fd-4ddc-8e65-11f4a9f65978/resourceGroups/rg-condoacesso-dev/providers/Microsoft.Network/privateDnsZones/private.mysql.database.azure.com/virtualNetworkLinks/link-condoacesso-dev",
            "name": "link-condoacesso-dev",
            "private_dns_zone_name": "private.mysql.database.azure.com",
            "registration_enabled": false,
            "resolution_policy": "",
            "resource_group_name": "rg-condoacesso-dev",
            "tags": {
              "ambiente": "dev",
              "gerenciado_por": "terraform",
              "projeto": "UNIVESP-Projeto-Integrador-VI"
            },
            "timeouts": null,
            "virtual_network_id": "/subscriptions/227853ef-c1fd-4ddc-8e65-11f4a9f65978/resourceGroups/rg-condoacesso-dev/providers/Microsoft.Network/virtualNetworks/vnet-condoacesso-dev"
          },
          "sensitive_attributes": [],
          "identity_schema_version": 0,
          "identity": {
            "name": "link-condoacesso-dev",
            "private_dns_zone_name": "private.mysql.database.azure.com",
            "resource_group_name": "rg-condoacesso-dev",
            "subscription_id": "227853ef-c1fd-4ddc-8e65-11f4a9f65978"
          },
          "private": "eyJlMmJmYjczMC1lY2FhLTExZTYtOGY4OC0zNDM2M2JjN2M0YzAiOnsiY3JlYXRlIjoxODAwMDAwMDAwMDAwLCJkZWxldGUiOjE4MDAwMDAwMDAwMDAsInJlYWQiOjMwMDAwMDAwMDAwMCwidXBkYXRlIjoxODAwMDAwMDAwMDAwfX0=",
          "dependencies": [
            "azurerm_resource_group.main",
            "module.network.azurerm_private_dns_zone.mysql",
            "module.network.azurerm_virtual_network.main"
          ]
        }
      ]
    },
    {
      "module": "module.network",
      "mode": "managed",
      "type": "azurerm_subnet",
      "name": "container_apps",
      "provider": "provider[\"registry.terraform.io/hashicorp/azurerm\"]",
      "instances": [
        {
          "schema_version": 0,
          "attributes": {
            "address_prefixes": [
              "10.20.0.0/23"
            ],
            "default_outbound_access_enabled": true,
            "delegation": [
              {
                "name": "container-apps-delegation",
                "service_delegation": [
                  {
                    "actions": [
                      "Microsoft.Network/virtualNetworks/subnets/join/action"
                    ],
                    "name": "Microsoft.App/environments"
                  }
                ]
              }
            ],
            "id": "/subscriptions/227853ef-c1fd-4ddc-8e65-11f4a9f65978/resourceGroups/rg-condoacesso-dev/providers/Microsoft.Network/virtualNetworks/vnet-condoacesso-dev/subnets/snet-container-apps",
            "ip_address_pool": [],
            "name": "snet-container-apps",
            "private_endpoint_network_policies": "Disabled",
            "private_link_service_network_policies_enabled": true,
            "resource_group_name": "rg-condoacesso-dev",
            "service_endpoint_policy_ids": [],
            "service_endpoints": [],
            "sharing_scope": "",
            "timeouts": null,
            "virtual_network_name": "vnet-condoacesso-dev"
          },
          "sensitive_attributes": [],
          "identity_schema_version": 0,
          "identity": {
            "name": "snet-container-apps",
            "resource_group_name": "rg-condoacesso-dev",
            "subscription_id": "227853ef-c1fd-4ddc-8e65-11f4a9f65978",
            "virtual_network_name": "vnet-condoacesso-dev"
          },
          "private": "eyJlMmJmYjczMC1lY2FhLTExZTYtOGY4OC0zNDM2M2JjN2M0YzAiOnsiY3JlYXRlIjoxODAwMDAwMDAwMDAwLCJkZWxldGUiOjE4MDAwMDAwMDAwMDAsInJlYWQiOjMwMDAwMDAwMDAwMCwidXBkYXRlIjoxODAwMDAwMDAwMDAwfX0=",
          "dependencies": [
            "azurerm_resource_group.main",
            "module.network.azurerm_virtual_network.main"
          ]
        }
      ]
    },
    {
      "module": "module.network",
      "mode": "managed",
      "type": "azurerm_subnet",
      "name": "mysql",
      "provider": "provider[\"registry.terraform.io/hashicorp/azurerm\"]",
      "instances": [
        {
          "schema_version": 0,
          "attributes": {
            "address_prefixes": [
              "10.20.2.0/24"
            ],
            "default_outbound_access_enabled": true,
            "delegation": [
              {
                "name": "mysql-flexible-server-delegation",
                "service_delegation": [
                  {
                    "actions": [
                      "Microsoft.Network/virtualNetworks/subnets/join/action"
                    ],
                    "name": "Microsoft.DBforMySQL/flexibleServers"
                  }
                ]
              }
            ],
            "id": "/subscriptions/227853ef-c1fd-4ddc-8e65-11f4a9f65978/resourceGroups/rg-condoacesso-dev/providers/Microsoft.Network/virtualNetworks/vnet-condoacesso-dev/subnets/snet-mysql",
            "ip_address_pool": [],
            "name": "snet-mysql",
            "private_endpoint_network_policies": "Disabled",
            "private_link_service_network_policies_enabled": true,
            "resource_group_name": "rg-condoacesso-dev",
            "service_endpoint_policy_ids": [],
            "service_endpoints": [],
            "sharing_scope": "",
            "timeouts": null,
            "virtual_network_name": "vnet-condoacesso-dev"
          },
          "sensitive_attributes": [],
          "identity_schema_version": 0,
          "identity": {
            "name": "snet-mysql",
            "resource_group_name": "rg-condoacesso-dev",
            "subscription_id": "227853ef-c1fd-4ddc-8e65-11f4a9f65978",
            "virtual_network_name": "vnet-condoacesso-dev"
          },
          "private": "eyJlMmJmYjczMC1lY2FhLTExZTYtOGY4OC0zNDM2M2JjN2M0YzAiOnsiY3JlYXRlIjoxODAwMDAwMDAwMDAwLCJkZWxldGUiOjE4MDAwMDAwMDAwMDAsInJlYWQiOjMwMDAwMDAwMDAwMCwidXBkYXRlIjoxODAwMDAwMDAwMDAwfX0=",
          "dependencies": [
            "azurerm_resource_group.main",
            "module.network.azurerm_virtual_network.main"
          ]
        }
      ]
    },
    {
      "module": "module.network",
      "mode": "managed",
      "type": "azurerm_subnet_network_security_group_association",
      "name": "container_apps",
      "provider": "provider[\"registry.terraform.io/hashicorp/azurerm\"]",
      "instances": [
        {
          "schema_version": 0,
          "attributes": {
            "id": "/subscriptions/227853ef-c1fd-4ddc-8e65-11f4a9f65978/resourceGroups/rg-condoacesso-dev/providers/Microsoft.Network/virtualNetworks/vnet-condoacesso-dev/subnets/snet-container-apps",
            "network_security_group_id": "/subscriptions/227853ef-c1fd-4ddc-8e65-11f4a9f65978/resourceGroups/rg-condoacesso-dev/providers/Microsoft.Network/networkSecurityGroups/nsg-container-apps-condoacesso-dev",
            "subnet_id": "/subscriptions/227853ef-c1fd-4ddc-8e65-11f4a9f65978/resourceGroups/rg-condoacesso-dev/providers/Microsoft.Network/virtualNetworks/vnet-condoacesso-dev/subnets/snet-container-apps",
            "timeouts": null
          },
          "sensitive_attributes": [],
          "identity_schema_version": 0,
          "private": "eyJlMmJmYjczMC1lY2FhLTExZTYtOGY4OC0zNDM2M2JjN2M0YzAiOnsiY3JlYXRlIjoxODAwMDAwMDAwMDAwLCJkZWxldGUiOjE4MDAwMDAwMDAwMDAsInJlYWQiOjMwMDAwMDAwMDAwMH19",
          "dependencies": [
            "azurerm_resource_group.main",
            "module.network.azurerm_network_security_group.container_apps",
            "module.network.azurerm_subnet.container_apps",
            "module.network.azurerm_virtual_network.main"
          ]
        }
      ]
    },
    {
      "module": "module.network",
      "mode": "managed",
      "type": "azurerm_subnet_network_security_group_association",
      "name": "mysql",
      "provider": "provider[\"registry.terraform.io/hashicorp/azurerm\"]",
      "instances": [
        {
          "schema_version": 0,
          "attributes": {
            "id": "/subscriptions/227853ef-c1fd-4ddc-8e65-11f4a9f65978/resourceGroups/rg-condoacesso-dev/providers/Microsoft.Network/virtualNetworks/vnet-condoacesso-dev/subnets/snet-mysql",
            "network_security_group_id": "/subscriptions/227853ef-c1fd-4ddc-8e65-11f4a9f65978/resourceGroups/rg-condoacesso-dev/providers/Microsoft.Network/networkSecurityGroups/nsg-mysql-condoacesso-dev",
            "subnet_id": "/subscriptions/227853ef-c1fd-4ddc-8e65-11f4a9f65978/resourceGroups/rg-condoacesso-dev/providers/Microsoft.Network/virtualNetworks/vnet-condoacesso-dev/subnets/snet-mysql",
            "timeouts": null
          },
          "sensitive_attributes": [],
          "identity_schema_version": 0,
          "private": "eyJlMmJmYjczMC1lY2FhLTExZTYtOGY4OC0zNDM2M2JjN2M0YzAiOnsiY3JlYXRlIjoxODAwMDAwMDAwMDAwLCJkZWxldGUiOjE4MDAwMDAwMDAwMDAsInJlYWQiOjMwMDAwMDAwMDAwMH19",
          "dependencies": [
            "azurerm_resource_group.main",
            "module.network.azurerm_network_security_group.mysql",
            "module.network.azurerm_subnet.mysql",
            "module.network.azurerm_virtual_network.main"
          ]
        }
      ]
    },
    {
      "module": "module.network",
      "mode": "managed",
      "type": "azurerm_virtual_network",
      "name": "main",
      "provider": "provider[\"registry.terraform.io/hashicorp/azurerm\"]",
      "instances": [
        {
          "schema_version": 0,
          "attributes": {
            "address_space": [
              "10.20.0.0/16"
            ],
            "bgp_community": "",
            "ddos_protection_plan": [],
            "dns_servers": [],
            "edge_zone": "",
            "encryption": [],
            "flow_timeout_in_minutes": 0,
            "guid": "3fe51a80-aa51-4dfa-8a3b-34502b5b303b",
            "id": "/subscriptions/227853ef-c1fd-4ddc-8e65-11f4a9f65978/resourceGroups/rg-condoacesso-dev/providers/Microsoft.Network/virtualNetworks/vnet-condoacesso-dev",
            "ip_address_pool": [],
            "location": "brazilsouth",
            "name": "vnet-condoacesso-dev",
            "private_endpoint_vnet_policies": "Disabled",
            "resource_group_name": "rg-condoacesso-dev",
            "subnet": [
              {
                "address_prefixes": [
                  "10.20.0.0/23"
                ],
                "default_outbound_access_enabled": true,
                "delegation": [
                  {
                    "name": "container-apps-delegation",
                    "service_delegation": [
                      {
                        "actions": [
                          "Microsoft.Network/virtualNetworks/subnets/join/action"
                        ],
                        "name": "Microsoft.App/environments"
                      }
                    ]
                  }
                ],
                "id": "/subscriptions/227853ef-c1fd-4ddc-8e65-11f4a9f65978/resourceGroups/rg-condoacesso-dev/providers/Microsoft.Network/virtualNetworks/vnet-condoacesso-dev/subnets/snet-container-apps",
                "name": "snet-container-apps",
                "private_endpoint_network_policies": "Disabled",
                "private_link_service_network_policies_enabled": true,
                "route_table_id": "",
                "security_group": "/subscriptions/227853ef-c1fd-4ddc-8e65-11f4a9f65978/resourceGroups/rg-condoacesso-dev/providers/Microsoft.Network/networkSecurityGroups/nsg-container-apps-condoacesso-dev",
                "service_endpoint_policy_ids": [],
                "service_endpoints": []
              },
              {
                "address_prefixes": [
                  "10.20.2.0/24"
                ],
                "default_outbound_access_enabled": true,
                "delegation": [
                  {
                    "name": "mysql-flexible-server-delegation",
                    "service_delegation": [
                      {
                        "actions": [
                          "Microsoft.Network/virtualNetworks/subnets/join/action"
                        ],
                        "name": "Microsoft.DBforMySQL/flexibleServers"
                      }
                    ]
                  }
                ],
                "id": "/subscriptions/227853ef-c1fd-4ddc-8e65-11f4a9f65978/resourceGroups/rg-condoacesso-dev/providers/Microsoft.Network/virtualNetworks/vnet-condoacesso-dev/subnets/snet-mysql",
                "name": "snet-mysql",
                "private_endpoint_network_policies": "Disabled",
                "private_link_service_network_policies_enabled": true,
                "route_table_id": "",
                "security_group": "/subscriptions/227853ef-c1fd-4ddc-8e65-11f4a9f65978/resourceGroups/rg-condoacesso-dev/providers/Microsoft.Network/networkSecurityGroups/nsg-mysql-condoacesso-dev",
                "service_endpoint_policy_ids": [],
                "service_endpoints": []
              }
            ],
            "tags": {
              "ambiente": "dev",
              "gerenciado_por": "terraform",
              "projeto": "UNIVESP-Projeto-Integrador-VI"
            },
            "timeouts": null
          },
          "sensitive_attributes": [],
          "identity_schema_version": 0,
          "identity": {
            "name": "vnet-condoacesso-dev",
            "resource_group_name": "rg-condoacesso-dev",
            "subscription_id": "227853ef-c1fd-4ddc-8e65-11f4a9f65978"
          },
          "private": "eyJlMmJmYjczMC1lY2FhLTExZTYtOGY4OC0zNDM2M2JjN2M0YzAiOnsiY3JlYXRlIjoxODAwMDAwMDAwMDAwLCJkZWxldGUiOjE4MDAwMDAwMDAwMDAsInJlYWQiOjMwMDAwMDAwMDAwMCwidXBkYXRlIjoxODAwMDAwMDAwMDAwfX0=",
          "dependencies": [
            "azurerm_resource_group.main"
          ]
        }
      ]
    },
    {
      "module": "module.shared_services",
      "mode": "managed",
      "type": "azurerm_container_registry",
      "name": "main",
      "provider": "provider[\"registry.terraform.io/hashicorp/azurerm\"]",
      "instances": [
        {
          "schema_version": 2,
          "attributes": {
            "admin_enabled": false,
            "admin_password": "",
            "admin_username": "",
            "anonymous_pull_enabled": false,
            "azuread_authentication_as_arm_policy_enabled": true,
            "data_endpoint_enabled": false,
            "data_endpoint_host_names": [],
            "encryption": [],
            "export_policy_enabled": true,
            "georeplications": [],
            "id": "/subscriptions/227853ef-c1fd-4ddc-8e65-11f4a9f65978/resourceGroups/rg-condoacesso-dev/providers/Microsoft.ContainerRegistry/registries/acrcondoacessodev1ugm0",
            "identity": [],
            "location": "brazilsouth",
            "login_server": "acrcondoacessodev1ugm0.azurecr.io",
            "name": "acrcondoacessodev1ugm0",
            "network_rule_bypass_for_tasks_enabled": false,
            "network_rule_bypass_option": "AzureServices",
            "network_rule_set": [],
            "public_network_access_enabled": true,
            "quarantine_policy_enabled": false,
            "resource_group_name": "rg-condoacesso-dev",
            "retention_policy_in_days": 0,
            "role_assignment_mode": "LegacyRegistryPermissions",
            "sku": "Basic",
            "tags": {
              "ambiente": "dev",
              "gerenciado_por": "terraform",
              "projeto": "UNIVESP-Projeto-Integrador-VI"
            },
            "timeouts": null,
            "trust_policy_enabled": false,
            "zone_redundancy_enabled": false
          },
          "sensitive_attributes": [
            [
              {
                "type": "get_attr",
                "value": "admin_password"
              }
            ]
          ],
          "identity_schema_version": 0,
          "private": "eyJlMmJmYjczMC1lY2FhLTExZTYtOGY4OC0zNDM2M2JjN2M0YzAiOnsiY3JlYXRlIjoxODAwMDAwMDAwMDAwLCJkZWxldGUiOjE4MDAwMDAwMDAwMDAsInJlYWQiOjMwMDAwMDAwMDAwMCwidXBkYXRlIjoxODAwMDAwMDAwMDAwfSwic2NoZW1hX3ZlcnNpb24iOiIyIn0=",
          "dependencies": [
            "azurerm_resource_group.main",
            "random_string.suffix"
          ]
        }
      ]
    },
    {
      "module": "module.shared_services",
      "mode": "managed",
      "type": "azurerm_role_assignment",
      "name": "container_app_access_logs_reader",
      "provider": "provider[\"registry.terraform.io/hashicorp/azurerm\"]",
      "instances": [
        {
          "schema_version": 0,
          "attributes": {
            "condition": "",
            "condition_version": "",
            "delegated_managed_identity_resource_id": "",
            "description": "",
            "id": "/subscriptions/227853ef-c1fd-4ddc-8e65-11f4a9f65978/resourceGroups/rg-condoacesso-dev/providers/Microsoft.Storage/storageAccounts/stcondoacessodev1ugm0/blobServices/default/containers/logs-acesso/providers/Microsoft.Authorization/roleAssignments/ff214971-9b57-3ba5-7ba3-ddc3343ebe71",
            "name": "ff214971-9b57-3ba5-7ba3-ddc3343ebe71",
            "principal_id": "d362ee1a-5162-4618-baf0-b052f7bd7a84",
            "principal_type": "ServicePrincipal",
            "role_definition_id": "/subscriptions/227853ef-c1fd-4ddc-8e65-11f4a9f65978/providers/Microsoft.Authorization/roleDefinitions/2a2b9908-6ea1-4ae2-8e65-a410df84e7d1",
            "role_definition_name": "Storage Blob Data Reader",
            "scope": "/subscriptions/227853ef-c1fd-4ddc-8e65-11f4a9f65978/resourceGroups/rg-condoacesso-dev/providers/Microsoft.Storage/storageAccounts/stcondoacessodev1ugm0/blobServices/default/containers/logs-acesso",
            "skip_service_principal_aad_check": null,
            "timeouts": null
          },
          "sensitive_attributes": [],
          "identity_schema_version": 0,
          "private": "eyJlMmJmYjczMC1lY2FhLTExZTYtOGY4OC0zNDM2M2JjN2M0YzAiOnsiY3JlYXRlIjoxODAwMDAwMDAwMDAwLCJkZWxldGUiOjE4MDAwMDAwMDAwMDAsInJlYWQiOjMwMDAwMDAwMDAwMH19",
          "dependencies": [
            "azurerm_resource_group.main",
            "module.shared_services.azurerm_storage_account.main",
            "module.shared_services.azurerm_storage_container.access_logs",
            "module.shared_services.azurerm_user_assigned_identity.container_app",
            "random_string.suffix"
          ]
        }
      ]
    },
    {
      "module": "module.shared_services",
      "mode": "managed",
      "type": "azurerm_role_assignment",
      "name": "container_app_acr_pull",
      "provider": "provider[\"registry.terraform.io/hashicorp/azurerm\"]",
      "instances": [
        {
          "schema_version": 0,
          "attributes": {
            "condition": "",
            "condition_version": "",
            "delegated_managed_identity_resource_id": "",
            "description": "",
            "id": "/subscriptions/227853ef-c1fd-4ddc-8e65-11f4a9f65978/resourceGroups/rg-condoacesso-dev/providers/Microsoft.ContainerRegistry/registries/acrcondoacessodev1ugm0/providers/Microsoft.Authorization/roleAssignments/16269687-34fd-cbb2-d986-2e9fc1112fad",
            "name": "16269687-34fd-cbb2-d986-2e9fc1112fad",
            "principal_id": "d362ee1a-5162-4618-baf0-b052f7bd7a84",
            "principal_type": "ServicePrincipal",
            "role_definition_id": "/subscriptions/227853ef-c1fd-4ddc-8e65-11f4a9f65978/providers/Microsoft.Authorization/roleDefinitions/7f951dda-4ed3-4680-a7ca-43fe172d538d",
            "role_definition_name": "AcrPull",
            "scope": "/subscriptions/227853ef-c1fd-4ddc-8e65-11f4a9f65978/resourceGroups/rg-condoacesso-dev/providers/Microsoft.ContainerRegistry/registries/acrcondoacessodev1ugm0",
            "skip_service_principal_aad_check": null,
            "timeouts": null
          },
          "sensitive_attributes": [],
          "identity_schema_version": 0,
          "private": "eyJlMmJmYjczMC1lY2FhLTExZTYtOGY4OC0zNDM2M2JjN2M0YzAiOnsiY3JlYXRlIjoxODAwMDAwMDAwMDAwLCJkZWxldGUiOjE4MDAwMDAwMDAwMDAsInJlYWQiOjMwMDAwMDAwMDAwMH19",
          "dependencies": [
            "azurerm_resource_group.main",
            "module.shared_services.azurerm_container_registry.main",
            "module.shared_services.azurerm_user_assigned_identity.container_app",
            "random_string.suffix"
          ]
        }
      ]
    },
    {
      "module": "module.shared_services",
      "mode": "managed",
      "type": "azurerm_role_assignment",
      "name": "container_app_residents_contributor",
      "provider": "provider[\"registry.terraform.io/hashicorp/azurerm\"]",
      "instances": [
        {
          "schema_version": 0,
          "attributes": {
            "condition": "",
            "condition_version": "",
            "delegated_managed_identity_resource_id": "",
            "description": "",
            "id": "/subscriptions/227853ef-c1fd-4ddc-8e65-11f4a9f65978/resourceGroups/rg-condoacesso-dev/providers/Microsoft.Storage/storageAccounts/stcondoacessodev1ugm0/blobServices/default/containers/residentes/providers/Microsoft.Authorization/roleAssignments/6adbd18e-f359-e48c-4e2c-bb4428e2f61c",
            "name": "6adbd18e-f359-e48c-4e2c-bb4428e2f61c",
            "principal_id": "d362ee1a-5162-4618-baf0-b052f7bd7a84",
            "principal_type": "ServicePrincipal",
            "role_definition_id": "/subscriptions/227853ef-c1fd-4ddc-8e65-11f4a9f65978/providers/Microsoft.Authorization/roleDefinitions/ba92f5b4-2d11-453d-a403-e96b0029c9fe",
            "role_definition_name": "Storage Blob Data Contributor",
            "scope": "/subscriptions/227853ef-c1fd-4ddc-8e65-11f4a9f65978/resourceGroups/rg-condoacesso-dev/providers/Microsoft.Storage/storageAccounts/stcondoacessodev1ugm0/blobServices/default/containers/residentes",
            "skip_service_principal_aad_check": null,
            "timeouts": null
          },
          "sensitive_attributes": [],
          "identity_schema_version": 0,
          "private": "eyJlMmJmYjczMC1lY2FhLTExZTYtOGY4OC0zNDM2M2JjN2M0YzAiOnsiY3JlYXRlIjoxODAwMDAwMDAwMDAwLCJkZWxldGUiOjE4MDAwMDAwMDAwMDAsInJlYWQiOjMwMDAwMDAwMDAwMH19",
          "dependencies": [
            "azurerm_resource_group.main",
            "module.shared_services.azurerm_storage_account.main",
            "module.shared_services.azurerm_storage_container.residents",
            "module.shared_services.azurerm_user_assigned_identity.container_app",
            "random_string.suffix"
          ]
        }
      ]
    },
    {
      "module": "module.shared_services",
      "mode": "managed",
      "type": "azurerm_storage_account",
      "name": "main",
      "provider": "provider[\"registry.terraform.io/hashicorp/azurerm\"]",
      "instances": [
        {
          "schema_version": 4,
          "attributes": {
            "access_tier": "Hot",
            "account_kind": "StorageV2",
            "account_replication_type": "LRS",
            "account_tier": "Standard",
            "allow_nested_items_to_be_public": false,
            "allowed_copy_scope": "",
            "azure_files_authentication": [],
            "blob_properties": [
              {
                "change_feed_enabled": false,
                "change_feed_retention_in_days": 0,
                "container_delete_retention_policy": [],
                "cors_rule": [],
                "default_service_version": "",
                "delete_retention_policy": [],
                "last_access_time_enabled": false,
                "restore_policy": [],
                "versioning_enabled": false
              }
            ],
            "cross_tenant_replication_enabled": false,
            "custom_domain": [],
            "customer_managed_key": [],
            "default_to_oauth_authentication": false,
            "dns_endpoint_type": "Standard",
            "edge_zone": "",
            "https_traffic_only_enabled": true,
            "id": "/subscriptions/227853ef-c1fd-4ddc-8e65-11f4a9f65978/resourceGroups/rg-condoacesso-dev/providers/Microsoft.Storage/storageAccounts/stcondoacessodev1ugm0",
            "identity": [],
            "immutability_policy": [],
            "infrastructure_encryption_enabled": false,
            "is_hns_enabled": false,
            "large_file_share_enabled": false,
            "local_user_enabled": true,
            "location": "brazilsouth",
            "min_tls_version": "TLS1_2",
            "name": "stcondoacessodev1ugm0",
            "network_rules": [],
            "nfsv3_enabled": false,
            "primary_access_key": "SRdCOwCBCrLMKINgHTIYO7ifBcKJf4NnbqUduJ7ARiAQBN3Y4M2YfskJsuvYXjgX3o2O6RvxMFyL+AStj0W88Q==",
            "primary_blob_connection_string": "DefaultEndpointsProtocol=https;BlobEndpoint=https://stcondoacessodev1ugm0.blob.core.windows.net/;AccountName=stcondoacessodev1ugm0;AccountKey=SRdCOwCBCrLMKINgHTIYO7ifBcKJf4NnbqUduJ7ARiAQBN3Y4M2YfskJsuvYXjgX3o2O6RvxMFyL+AStj0W88Q==",
            "primary_blob_endpoint": "https://stcondoacessodev1ugm0.blob.core.windows.net/",
            "primary_blob_host": "stcondoacessodev1ugm0.blob.core.windows.net",
            "primary_blob_internet_endpoint": "",
            "primary_blob_internet_host": "",
            "primary_blob_microsoft_endpoint": "",
            "primary_blob_microsoft_host": "",
            "primary_connection_string": "DefaultEndpointsProtocol=https;AccountName=stcondoacessodev1ugm0;AccountKey=SRdCOwCBCrLMKINgHTIYO7ifBcKJf4NnbqUduJ7ARiAQBN3Y4M2YfskJsuvYXjgX3o2O6RvxMFyL+AStj0W88Q==;EndpointSuffix=core.windows.net",
            "primary_dfs_endpoint": "https://stcondoacessodev1ugm0.dfs.core.windows.net/",
            "primary_dfs_host": "stcondoacessodev1ugm0.dfs.core.windows.net",
            "primary_dfs_internet_endpoint": "",
            "primary_dfs_internet_host": "",
            "primary_dfs_microsoft_endpoint": "",
            "primary_dfs_microsoft_host": "",
            "primary_file_endpoint": "https://stcondoacessodev1ugm0.file.core.windows.net/",
            "primary_file_host": "stcondoacessodev1ugm0.file.core.windows.net",
            "primary_file_internet_endpoint": "",
            "primary_file_internet_host": "",
            "primary_file_microsoft_endpoint": "",
            "primary_file_microsoft_host": "",
            "primary_location": "brazilsouth",
            "primary_queue_endpoint": "https://stcondoacessodev1ugm0.queue.core.windows.net/",
            "primary_queue_host": "stcondoacessodev1ugm0.queue.core.windows.net",
            "primary_queue_microsoft_endpoint": "",
            "primary_queue_microsoft_host": "",
            "primary_table_endpoint": "https://stcondoacessodev1ugm0.table.core.windows.net/",
            "primary_table_host": "stcondoacessodev1ugm0.table.core.windows.net",
            "primary_table_microsoft_endpoint": "",
            "primary_table_microsoft_host": "",
            "primary_web_endpoint": "https://stcondoacessodev1ugm0.z15.web.core.windows.net/",
            "primary_web_host": "stcondoacessodev1ugm0.z15.web.core.windows.net",
            "primary_web_internet_endpoint": "",
            "primary_web_internet_host": "",
            "primary_web_microsoft_endpoint": "",
            "primary_web_microsoft_host": "",
            "provisioned_billing_model_version": "",
            "public_network_access_enabled": false,
            "queue_encryption_key_type": "Service",
            "queue_properties": [
              {
                "cors_rule": [],
                "hour_metrics": [
                  {
                    "enabled": false,
                    "include_apis": false,
                    "retention_policy_days": 0,
                    "version": "1.0"
                  }
                ],
                "logging": [
                  {
                    "delete": false,
                    "read": false,
                    "retention_policy_days": 0,
                    "version": "1.0",
                    "write": false
                  }
                ],
                "minute_metrics": [
                  {
                    "enabled": false,
                    "include_apis": false,
                    "retention_policy_days": 0,
                    "version": "1.0"
                  }
                ]
              }
            ],
            "resource_group_name": "rg-condoacesso-dev",
            "routing": [],
            "sas_policy": [],
            "secondary_access_key": "/64fa5ykb77SN/la/spGAIp+4QfCPXNFU7BvtZG/r+doKe5uKlxRWDqd5LUWoZtfGkCqY9PJyGrR+AStoWa2RA==",
            "secondary_blob_connection_string": "",
            "secondary_blob_endpoint": "",
            "secondary_blob_host": "",
            "secondary_blob_internet_endpoint": "",
            "secondary_blob_internet_host": "",
            "secondary_blob_microsoft_endpoint": "",
            "secondary_blob_microsoft_host": "",
            "secondary_connection_string": "DefaultEndpointsProtocol=https;AccountName=stcondoacessodev1ugm0;AccountKey=/64fa5ykb77SN/la/spGAIp+4QfCPXNFU7BvtZG/r+doKe5uKlxRWDqd5LUWoZtfGkCqY9PJyGrR+AStoWa2RA==;EndpointSuffix=core.windows.net",
            "secondary_dfs_endpoint": "",
            "secondary_dfs_host": "",
            "secondary_dfs_internet_endpoint": "",
            "secondary_dfs_internet_host": "",
            "secondary_dfs_microsoft_endpoint": "",
            "secondary_dfs_microsoft_host": "",
            "secondary_file_endpoint": "",
            "secondary_file_host": "",
            "secondary_file_internet_endpoint": "",
            "secondary_file_internet_host": "",
            "secondary_file_microsoft_endpoint": "",
            "secondary_file_microsoft_host": "",
            "secondary_location": "",
            "secondary_queue_endpoint": "",
            "secondary_queue_host": "",
            "secondary_queue_microsoft_endpoint": "",
            "secondary_queue_microsoft_host": "",
            "secondary_table_endpoint": "",
            "secondary_table_host": "",
            "secondary_table_microsoft_endpoint": "",
            "secondary_table_microsoft_host": "",
            "secondary_web_endpoint": "",
            "secondary_web_host": "",
            "secondary_web_internet_endpoint": "",
            "secondary_web_internet_host": "",
            "secondary_web_microsoft_endpoint": "",
            "secondary_web_microsoft_host": "",
            "sftp_enabled": false,
            "share_properties": [
              {
                "cors_rule": [],
                "retention_policy": [
                  {
                    "days": 7
                  }
                ],
                "smb": []
              }
            ],
            "shared_access_key_enabled": false,
            "static_website": [],
            "table_encryption_key_type": "Service",
            "tags": {
              "ambiente": "dev",
              "gerenciado_por": "terraform",
              "projeto": "UNIVESP-Projeto-Integrador-VI"
            },
            "timeouts": null
          },
          "sensitive_attributes": [
            [
              {
                "type": "get_attr",
                "value": "primary_access_key"
              }
            ],
            [
              {
                "type": "get_attr",
                "value": "primary_blob_connection_string"
              }
            ],
            [
              {
                "type": "get_attr",
                "value": "primary_connection_string"
              }
            ],
            [
              {
                "type": "get_attr",
                "value": "secondary_access_key"
              }
            ],
            [
              {
                "type": "get_attr",
                "value": "secondary_blob_connection_string"
              }
            ],
            [
              {
                "type": "get_attr",
                "value": "secondary_connection_string"
              }
            ]
          ],
          "identity_schema_version": 0,
          "identity": {
            "name": "stcondoacessodev1ugm0",
            "resource_group_name": "rg-condoacesso-dev",
            "subscription_id": "227853ef-c1fd-4ddc-8e65-11f4a9f65978"
          },
          "private": "eyJlMmJmYjczMC1lY2FhLTExZTYtOGY4OC0zNDM2M2JjN2M0YzAiOnsiY3JlYXRlIjozNjAwMDAwMDAwMDAwLCJkZWxldGUiOjM2MDAwMDAwMDAwMDAsInJlYWQiOjMwMDAwMDAwMDAwMCwidXBkYXRlIjozNjAwMDAwMDAwMDAwfSwic2NoZW1hX3ZlcnNpb24iOiI0In0=",
          "dependencies": [
            "azurerm_resource_group.main",
            "random_string.suffix"
          ]
        }
      ]
    },
    {
      "module": "module.shared_services",
      "mode": "managed",
      "type": "azurerm_storage_container",
      "name": "access_logs",
      "provider": "provider[\"registry.terraform.io/hashicorp/azurerm\"]",
      "instances": [
        {
          "schema_version": 1,
          "attributes": {
            "container_access_type": "private",
            "default_encryption_scope": "$account-encryption-key",
            "encryption_scope_override_enabled": true,
            "has_immutability_policy": false,
            "has_legal_hold": false,
            "id": "/subscriptions/227853ef-c1fd-4ddc-8e65-11f4a9f65978/resourceGroups/rg-condoacesso-dev/providers/Microsoft.Storage/storageAccounts/stcondoacessodev1ugm0/blobServices/default/containers/logs-acesso",
            "metadata": {},
            "name": "logs-acesso",
            "resource_manager_id": "/subscriptions/227853ef-c1fd-4ddc-8e65-11f4a9f65978/resourceGroups/rg-condoacesso-dev/providers/Microsoft.Storage/storageAccounts/stcondoacessodev1ugm0/blobServices/default/containers/logs-acesso",
            "storage_account_id": "/subscriptions/227853ef-c1fd-4ddc-8e65-11f4a9f65978/resourceGroups/rg-condoacesso-dev/providers/Microsoft.Storage/storageAccounts/stcondoacessodev1ugm0",
            "storage_account_name": "",
            "timeouts": null,
            "url": "https://stcondoacessodev1ugm0.blob.core.windows.net/logs-acesso"
          },
          "sensitive_attributes": [],
          "identity_schema_version": 0,
          "private": "eyJlMmJmYjczMC1lY2FhLTExZTYtOGY4OC0zNDM2M2JjN2M0YzAiOnsiY3JlYXRlIjoxODAwMDAwMDAwMDAwLCJkZWxldGUiOjE4MDAwMDAwMDAwMDAsInJlYWQiOjMwMDAwMDAwMDAwMCwidXBkYXRlIjoxODAwMDAwMDAwMDAwfSwic2NoZW1hX3ZlcnNpb24iOiIxIn0=",
          "dependencies": [
            "azurerm_resource_group.main",
            "module.shared_services.azurerm_storage_account.main",
            "random_string.suffix"
          ]
        }
      ]
    },
    {
      "module": "module.shared_services",
      "mode": "managed",
      "type": "azurerm_storage_container",
      "name": "residents",
      "provider": "provider[\"registry.terraform.io/hashicorp/azurerm\"]",
      "instances": [
        {
          "schema_version": 1,
          "attributes": {
            "container_access_type": "private",
            "default_encryption_scope": "$account-encryption-key",
            "encryption_scope_override_enabled": true,
            "has_immutability_policy": false,
            "has_legal_hold": false,
            "id": "/subscriptions/227853ef-c1fd-4ddc-8e65-11f4a9f65978/resourceGroups/rg-condoacesso-dev/providers/Microsoft.Storage/storageAccounts/stcondoacessodev1ugm0/blobServices/default/containers/residentes",
            "metadata": {},
            "name": "residentes",
            "resource_manager_id": "/subscriptions/227853ef-c1fd-4ddc-8e65-11f4a9f65978/resourceGroups/rg-condoacesso-dev/providers/Microsoft.Storage/storageAccounts/stcondoacessodev1ugm0/blobServices/default/containers/residentes",
            "storage_account_id": "/subscriptions/227853ef-c1fd-4ddc-8e65-11f4a9f65978/resourceGroups/rg-condoacesso-dev/providers/Microsoft.Storage/storageAccounts/stcondoacessodev1ugm0",
            "storage_account_name": "",
            "timeouts": null,
            "url": "https://stcondoacessodev1ugm0.blob.core.windows.net/residentes"
          },
          "sensitive_attributes": [],
          "identity_schema_version": 0,
          "private": "eyJlMmJmYjczMC1lY2FhLTExZTYtOGY4OC0zNDM2M2JjN2M0YzAiOnsiY3JlYXRlIjoxODAwMDAwMDAwMDAwLCJkZWxldGUiOjE4MDAwMDAwMDAwMDAsInJlYWQiOjMwMDAwMDAwMDAwMCwidXBkYXRlIjoxODAwMDAwMDAwMDAwfSwic2NoZW1hX3ZlcnNpb24iOiIxIn0=",
          "dependencies": [
            "azurerm_resource_group.main",
            "module.shared_services.azurerm_storage_account.main",
            "random_string.suffix"
          ]
        }
      ]
    },
    {
      "module": "module.shared_services",
      "mode": "managed",
      "type": "azurerm_storage_management_policy",
      "name": "access_logs",
      "provider": "provider[\"registry.terraform.io/hashicorp/azurerm\"]",
      "instances": [
        {
          "schema_version": 0,
          "attributes": {
            "id": "/subscriptions/227853ef-c1fd-4ddc-8e65-11f4a9f65978/resourceGroups/rg-condoacesso-dev/providers/Microsoft.Storage/storageAccounts/stcondoacessodev1ugm0/managementPolicies/default",
            "rule": [
              {
                "actions": [
                  {
                    "base_blob": [
                      {
                        "auto_tier_to_hot_from_cool_enabled": false,
                        "delete_after_days_since_creation_greater_than": 30,
                        "delete_after_days_since_last_access_time_greater_than": -1,
                        "delete_after_days_since_modification_greater_than": -1,
                        "tier_to_archive_after_days_since_creation_greater_than": -1,
                        "tier_to_archive_after_days_since_last_access_time_greater_than": -1,
                        "tier_to_archive_after_days_since_last_tier_change_greater_than": -1,
                        "tier_to_archive_after_days_since_modification_greater_than": -1,
                        "tier_to_cold_after_days_since_creation_greater_than": -1,
                        "tier_to_cold_after_days_since_last_access_time_greater_than": -1,
                        "tier_to_cold_after_days_since_modification_greater_than": -1,
                        "tier_to_cool_after_days_since_creation_greater_than": -1,
                        "tier_to_cool_after_days_since_last_access_time_greater_than": -1,
                        "tier_to_cool_after_days_since_modification_greater_than": -1
                      }
                    ],
                    "snapshot": [],
                    "version": []
                  }
                ],
                "enabled": true,
                "filters": [
                  {
                    "blob_types": [
                      "blockBlob"
                    ],
                    "match_blob_index_tag": [],
                    "prefix_match": [
                      "logs-acesso/logs/"
                    ]
                  }
                ],
                "name": "delete-old-access-logs"
              }
            ],
            "storage_account_id": "/subscriptions/227853ef-c1fd-4ddc-8e65-11f4a9f65978/resourceGroups/rg-condoacesso-dev/providers/Microsoft.Storage/storageAccounts/stcondoacessodev1ugm0",
            "timeouts": null
          },
          "sensitive_attributes": [],
          "identity_schema_version": 0,
          "private": "eyJlMmJmYjczMC1lY2FhLTExZTYtOGY4OC0zNDM2M2JjN2M0YzAiOnsiY3JlYXRlIjoxODAwMDAwMDAwMDAwLCJkZWxldGUiOjE4MDAwMDAwMDAwMDAsInJlYWQiOjMwMDAwMDAwMDAwMCwidXBkYXRlIjoxODAwMDAwMDAwMDAwfX0=",
          "dependencies": [
            "azurerm_resource_group.main",
            "module.shared_services.azurerm_storage_account.main",
            "random_string.suffix"
          ]
        }
      ]
    },
    {
      "module": "module.shared_services",
      "mode": "managed",
      "type": "azurerm_user_assigned_identity",
      "name": "container_app",
      "provider": "provider[\"registry.terraform.io/hashicorp/azurerm\"]",
      "instances": [
        {
          "schema_version": 1,
          "attributes": {
            "client_id": "0cd88538-035b-43a2-9eea-6b4e05eaac2e",
            "id": "/subscriptions/227853ef-c1fd-4ddc-8e65-11f4a9f65978/resourceGroups/rg-condoacesso-dev/providers/Microsoft.ManagedIdentity/userAssignedIdentities/id-condoacesso-dev-1ugm0",
            "isolation_scope": "",
            "location": "brazilsouth",
            "name": "id-condoacesso-dev-1ugm0",
            "principal_id": "d362ee1a-5162-4618-baf0-b052f7bd7a84",
            "resource_group_name": "rg-condoacesso-dev",
            "tags": {
              "ambiente": "dev",
              "gerenciado_por": "terraform",
              "projeto": "UNIVESP-Projeto-Integrador-VI"
            },
            "tenant_id": "2b63ee53-dd2c-4b4c-a220-4ab652ad178b",
            "timeouts": null
          },
          "sensitive_attributes": [],
          "identity_schema_version": 0,
          "private": "eyJlMmJmYjczMC1lY2FhLTExZTYtOGY4OC0zNDM2M2JjN2M0YzAiOnsiY3JlYXRlIjoxODAwMDAwMDAwMDAwLCJkZWxldGUiOjE4MDAwMDAwMDAwMDAsInJlYWQiOjMwMDAwMDAwMDAwMCwidXBkYXRlIjoxODAwMDAwMDAwMDAwfSwic2NoZW1hX3ZlcnNpb24iOiIxIn0=",
          "dependencies": [
            "azurerm_resource_group.main",
            "random_string.suffix"
          ]
        }
      ]
    },
    {
      "module": "module.shared_services",
      "mode": "managed",
      "type": "random_password",
      "name": "event_grid_webhook",
      "provider": "provider[\"registry.terraform.io/hashicorp/random\"]",
      "instances": [
        {
          "schema_version": 3,
          "attributes": {
            "bcrypt_hash": "$2a$10$4KajHkekryUcXkS.APrH9O92IVEcHgbKjphxf0n.2KYAXqWRWz/86",
            "id": "none",
            "keepers": null,
            "length": 32,
            "lower": true,
            "min_lower": 0,
            "min_numeric": 0,
            "min_special": 0,
            "min_upper": 0,
            "number": true,
            "numeric": true,
            "override_special": null,
            "result": "I2negM5OWIENrgq5j4onAatIhXgjQe0a",
            "special": false,
            "upper": true
          },
          "sensitive_attributes": [
            [
              {
                "type": "get_attr",
                "value": "bcrypt_hash"
              }
            ],
            [
              {
                "type": "get_attr",
                "value": "result"
              }
            ]
          ],
          "identity_schema_version": 0
        }
      ]
    }
  ],
  "check_results": [
    {
      "object_kind": "var",
      "config_addr": "var.iot_hub_sku",
      "status": "pass",
      "objects": [
        {
          "object_addr": "var.iot_hub_sku",
          "status": "pass"
        }
      ]
    },
    {
      "object_kind": "var",
      "config_addr": "var.project_name",
      "status": "pass",
      "objects": [
        {
          "object_addr": "var.project_name",
          "status": "pass"
        }
      ]
    }
  ]
}
